// !$*UTF8*$!
{
	archiveVersion = 1;
	classes = {
	};
	objectVersion = 55;
	objects = {

/* Begin PBXBuildFile section */
		53ADEA8D28F5A1B700D228A9 /* AppDelegate.swift in Sources */ = {isa = PBXBuildFile; fileRef = 53ADEA8C28F5A1B700D228A9 /* AppDelegate.swift */; };
		53ADEA8F28F5A1B700D228A9 /* SceneDelegate.swift in Sources */ = {isa = PBXBuildFile; fileRef = 53ADEA8E28F5A1B700D228A9 /* SceneDelegate.swift */; };
		53ADEA9128F5A1B700D228A9 /* ViewController.swift in Sources */ = {isa = PBXBuildFile; fileRef = 53ADEA9028F5A1B700D228A9 /* ViewController.swift */; };
		53ADEA9428F5A1B700D228A9 /* Main.storyboard in Resources */ = {isa = PBXBuildFile; fileRef = 53ADEA9228F5A1B700D228A9 /* Main.storyboard */; };
		53ADEA9628F5A1BB00D228A9 /* Assets.xcassets in Resources */ = {isa = PBXBuildFile; fileRef = 53ADEA9528F5A1BB00D228A9 /* Assets.xcassets */; };
		53ADEA9928F5A1BB00D228A9 /* LaunchScreen.storyboard in Resources */ = {isa = PBXBuildFile; fileRef = 53ADEA9728F5A1BB00D228A9 /* LaunchScreen.storyboard */; };
		53ADEAA428F5A1BB00D228A9 /* WordGuessAppTests.swift in Sources */ = {isa = PBXBuildFile; fileRef = 53ADEAA328F5A1BB00D228A9 /* WordGuessAppTests.swift */; };
		53ADEAAE28F5A1BB00D228A9 /* WordGuessAppUITests.swift in Sources */ = {isa = PBXBuildFile; fileRef = 53ADEAAD28F5A1BB00D228A9 /* WordGuessAppUITests.swift */; };
		53ADEAB028F5A1BB00D228A9 /* WordGuessAppUITestsLaunchTests.swift in Sources */ = {isa = PBXBuildFile; fileRef = 53ADEAAF28F5A1BB00D228A9 /* WordGuessAppUITestsLaunchTests.swift */; };
/* End PBXBuildFile section */

/* Begin PBXContainerItemProxy section */
		53ADEAA028F5A1BB00D228A9 /* PBXContainerItemProxy */ = {
			isa = PBXContainerItemProxy;
			containerPortal = 53ADEA8128F5A1B700D228A9 /* Project object */;
			proxyType = 1;
			remoteGlobalIDString = 53ADEA8828F5A1B700D228A9;
			remoteInfo = WordGuessApp;
		};
		53ADEAAA28F5A1BB00D228A9 /* PBXContainerItemProxy */ = {
			isa = PBXContainerItemProxy;
			containerPortal = 53ADEA8128F5A1B700D228A9 /* Project object */;
			proxyType = 1;
			remoteGlobalIDString = 53ADEA8828F5A1B700D228A9;
			remoteInfo = WordGuessApp;
		};
/* End PBXContainerItemProxy section */

/* Begin PBXFileReference section */
		53ADEA8928F5A1B700D228A9 /* WordGuessApp.app */ = {isa = PBXFileReference; explicitFileType = wrapper.application; includeInIndex = 0; path = WordGuessApp.app; sourceTree = BUILT_PRODUCTS_DIR; };
		53ADEA8C28F5A1B700D228A9 /* AppDelegate.swift */ = {isa = PBXFileReference; lastKnownFileType = sourcecode.swift; path = AppDelegate.swift; sourceTree = "<group>"; };
		53ADEA8E28F5A1B700D228A9 /* SceneDelegate.swift */ = {isa = PBXFileReference; lastKnownFileType = sourcecode.swift; path = SceneDelegate.swift; sourceTree = "<group>"; };
		53ADEA9028F5A1B700D228A9 /* ViewController.swift */ = {isa = PBXFileReference; lastKnownFileType = sourcecode.swift; path = ViewController.swift; sourceTree = "<group>"; };
		53ADEA9328F5A1B700D228A9 /* Base */ = {isa = PBXFileReference; lastKnownFileType = file.storyboard; name = Base; path = Base.lproj/Main.storyboard; sourceTree = "<group>"; };
		53ADEA9528F5A1BB00D228A9 /* Assets.xcassets */ = {isa = PBXFileReference; lastKnownFileType = folder.assetcatalog; path = Assets.xcassets; sourceTree = "<group>"; };
		53ADEA9828F5A1BB00D228A9 /* Base */ = {isa = PBXFileReference; lastKnownFileType = file.storyboard; name = Base; path = Base.lproj/LaunchScreen.storyboard; sourceTree = "<group>"; };
		53ADEA9A28F5A1BB00D228A9 /* Info.plist */ = {isa = PBXFileReference; lastKnownFileType = text.plist.xml; path = Info.plist; sourceTree = "<group>"; };
		53ADEA9F28F5A1BB00D228A9 /* WordGuessAppTests.xctest */ = {isa = PBXFileReference; explicitFileType = wrapper.cfbundle; includeInIndex = 0; path = WordGuessAppTests.xctest; sourceTree = BUILT_PRODUCTS_DIR; };
		53ADEAA328F5A1BB00D228A9 /* WordGuessAppTests.swift */ = {isa = PBXFileReference; lastKnownFileType = sourcecode.swift; path = WordGuessAppTests.swift; sourceTree = "<group>"; };
		53ADEAA928F5A1BB00D228A9 /* WordGuessAppUITests.xctest */ = {isa = PBXFileReference; explicitFileType = wrapper.cfbundle; includeInIndex = 0; path = WordGuessAppUITests.xctest; sourceTree = BUILT_PRODUCTS_DIR; };
		53ADEAAD28F5A1BB00D228A9 /* WordGuessAppUITests.swift */ = {isa = PBXFileReference; lastKnownFileType = sourcecode.swift; path = WordGuessAppUITests.swift; sourceTree = "<group>"; };
		53ADEAAF28F5A1BB00D228A9 /* WordGuessAppUITestsLaunchTests.swift */ = {isa = PBXFileReference; lastKnownFileType = sourcecode.swift; path = WordGuessAppUITestsLaunchTests.swift; sourceTree = "<group>"; };
/* End PBXFileReference section */

/* Begin PBXFrameworksBuildPhase section */
		53ADEA8628F5A1B700D228A9 /* Frameworks */ = {
			isa = PBXFrameworksBuildPhase;
			buildActionMask = 2147483647;
			files = (
			);
			runOnlyForDeploymentPostprocessing = 0;
		};
		53ADEA9C28F5A1BB00D228A9 /* Frameworks */ = {
			isa = PBXFrameworksBuildPhase;
			buildActionMask = 2147483647;
			files = (
			);
			runOnlyForDeploymentPostprocessing = 0;
		};
		53ADEAA628F5A1BB00D228A9 /* Frameworks */ = {
			isa = PBXFrameworksBuildPhase;
			buildActionMask = 2147483647;
			files = (
			);
			runOnlyForDeploymentPostprocessing = 0;
		};
/* End PBXFrameworksBuildPhase section */

/* Begin PBXGroup section */
		53ADEA8028F5A1B700D228A9 = {
			isa = PBXGroup;
			children = (
				53ADEA8B28F5A1B700D228A9 /* WordGuessApp */,
				53ADEAA228F5A1BB00D228A9 /* WordGuessAppTests */,
				53ADEAAC28F5A1BB00D228A9 /* WordGuessAppUITests */,
				53ADEA8A28F5A1B700D228A9 /* Products */,
			);
			sourceTree = "<group>";
		};
		53ADEA8A28F5A1B700D228A9 /* Products */ = {
			isa = PBXGroup;
			children = (
				53ADEA8928F5A1B700D228A9 /* WordGuessApp.app */,
				53ADEA9F28F5A1BB00D228A9 /* WordGuessAppTests.xctest */,
				53ADEAA928F5A1BB00D228A9 /* WordGuessAppUITests.xctest */,
			);
			name = Products;
			sourceTree = "<group>";
		};
		53ADEA8B28F5A1B700D228A9 /* WordGuessApp */ = {
			isa = PBXGroup;
			children = (
				53ADEA8C28F5A1B700D228A9 /* AppDelegate.swift */,
				53ADEA8E28F5A1B700D228A9 /* SceneDelegate.swift */,
				53ADEA9028F5A1B700D228A9 /* ViewController.swift */,
				53ADEA9228F5A1B700D228A9 /* Main.storyboard */,
				53ADEA9528F5A1BB00D228A9 /* Assets.xcassets */,
				53ADEA9728F5A1BB00D228A9 /* LaunchScreen.storyboard */,
				53ADEA9A28F5A1BB00D228A9 /* Info.plist */,
			);
			path = WordGuessApp;
			sourceTree = "<group>";
		};
		53ADEAA228F5A1BB00D228A9 /* WordGuessAppTests */ = {
			isa = PBXGroup;
			children = (
				53ADEAA328F5A1BB00D228A9 /* WordGuessAppTests.swift */,
			);
			path = WordGuessAppTests;
			sourceTree = "<group>";
		};
		53ADEAAC28F5A1BB00D228A9 /* WordGuessAppUITests */ = {
			isa = PBXGroup;
			children = (
				53ADEAAD28F5A1BB00D228A9 /* WordGuessAppUITests.swift */,
				53ADEAAF28F5A1BB00D228A9 /* WordGuessAppUITestsLaunchTests.swift */,
			);
			path = WordGuessAppUITests;
			sourceTree = "<group>";
		};
/* End PBXGroup section */

/* Begin PBXNativeTarget section */
		53ADEA8828F5A1B700D228A9 /* WordGuessApp */ = {
			isa = PBXNativeTarget;
			buildConfigurationList = 53ADEAB328F5A1BB00D228A9 /* Build configuration list for PBXNativeTarget "WordGuessApp" */;
			buildPhases = (
				53ADEA8528F5A1B700D228A9 /* Sources */,
				53ADEA8628F5A1B700D228A9 /* Frameworks */,
				53ADEA8728F5A1B700D228A9 /* Resources */,
			);
			buildRules = (
			);
			dependencies = (
			);
			name = WordGuessApp;
			productName = WordGuessApp;
			productReference = 53ADEA8928F5A1B700D228A9 /* WordGuessApp.app */;
			productType = "com.apple.product-type.application";
		};
		53ADEA9E28F5A1BB00D228A9 /* WordGuessAppTests */ = {
			isa = PBXNativeTarget;
			buildConfigurationList = 53ADEAB628F5A1BB00D228A9 /* Build configuration list for PBXNativeTarget "WordGuessAppTests" */;
			buildPhases = (
				53ADEA9B28F5A1BB00D228A9 /* Sources */,
				53ADEA9C28F5A1BB00D228A9 /* Frameworks */,
				53ADEA9D28F5A1BB00D228A9 /* Resources */,
			);
			buildRules = (
			);
			dependencies = (
				53ADEAA128F5A1BB00D228A9 /* PBXTargetDependency */,
			);
			name = WordGuessAppTests;
			productName = WordGuessAppTests;
			productReference = 53ADEA9F28F5A1BB00D228A9 /* WordGuessAppTests.xctest */;
			productType = "com.apple.product-type.bundle.unit-test";
		};
		53ADEAA828F5A1BB00D228A9 /* WordGuessAppUITests */ = {
			isa = PBXNativeTarget;
			buildConfigurationList = 53ADEAB928F5A1BB00D228A9 /* Build configuration list for PBXNativeTarget "WordGuessAppUITests" */;
			buildPhases = (
				53ADEAA528F5A1BB00D228A9 /* Sources */,
				53ADEAA628F5A1BB00D228A9 /* Frameworks */,
				53ADEAA728F5A1BB00D228A9 /* Resources */,
			);
			buildRules = (
			);
			dependencies = (
				53ADEAAB28F5A1BB00D228A9 /* PBXTargetDependency */,
			);
			name = WordGuessAppUITests;
			productName = WordGuessAppUITests;
			productReference = 53ADEAA928F5A1BB00D228A9 /* WordGuessAppUITests.xctest */;
			productType = "com.apple.product-type.bundle.ui-testing";
		};
/* End PBXNativeTarget section */

/* Begin PBXProject section */
		53ADEA8128F5A1B700D228A9 /* Project object */ = {
			isa = PBXProject;
			attributes = {
				BuildIndependentTargetsInParallel = 1;
				LastSwiftUpdateCheck = 1340;
				LastUpgradeCheck = 1340;
				TargetAttributes = {
					53ADEA8828F5A1B700D228A9 = {
						CreatedOnToolsVersion = 13.4.1;
					};
					53ADEA9E28F5A1BB00D228A9 = {
						CreatedOnToolsVersion = 13.4.1;
						TestTargetID = 53ADEA8828F5A1B700D228A9;
					};
					53ADEAA828F5A1BB00D228A9 = {
						CreatedOnToolsVersion = 13.4.1;
						TestTargetID = 53ADEA8828F5A1B700D228A9;
					};
				};
			};
			buildConfigurationList = 53ADEA8428F5A1B700D228A9 /* Build configuration list for PBXProject "WordGuessApp" */;
			compatibilityVersion = "Xcode 13.0";
			developmentRegion = en;
			hasScannedForEncodings = 0;
			knownRegions = (
				en,
				Base,
			);
			mainGroup = 53ADEA8028F5A1B700D228A9;
			productRefGroup = 53ADEA8A28F5A1B700D228A9 /* Products */;
			projectDirPath = "";
			projectRoot = "";
			targets = (
				53ADEA8828F5A1B700D228A9 /* WordGuessApp */,
				53ADEA9E28F5A1BB00D228A9 /* WordGuessAppTests */,
				53ADEAA828F5A1BB00D228A9 /* WordGuessAppUITests */,
			);
		};
/* End PBXProject section */

/* Begin PBXResourcesBuildPhase section */
		53ADEA8728F5A1B700D228A9 /* Resources */ = {
			isa = PBXResourcesBuildPhase;
			buildActionMask = 2147483647;
			files = (
				53ADEA9928F5A1BB00D228A9 /* LaunchScreen.storyboard in Resources */,
				53ADEA9628F5A1BB00D228A9 /* Assets.xcassets in Resources */,
				53ADEA9428F5A1B700D228A9 /* Main.storyboard in Resources */,
			);
			runOnlyForDeploymentPostprocessing = 0;
		};
		53ADEA9D28F5A1BB00D228A9 /* Resources */ = {
			isa = PBXResourcesBuildPhase;
			buildActionMask = 2147483647;
			files = (
			);
			runOnlyForDeploymentPostprocessing = 0;
		};
		53ADEAA728F5A1BB00D228A9 /* Resources */ = {
			isa = PBXResourcesBuildPhase;
			buildActionMask = 2147483647;
			files = (
			);
			runOnlyForDeploymentPostprocessing = 0;
		};
/* End PBXResourcesBuildPhase section */

/* Begin PBXSourcesBuildPhase section */
		53ADEA8528F5A1B700D228A9 /* Sources */ = {
			isa = PBXSourcesBuildPhase;
			buildActionMask = 2147483647;
			files = (
				53ADEA9128F5A1B700D228A9 /* ViewController.swift in Sources */,
				53ADEA8D28F5A1B700D228A9 /* AppDelegate.swift in Sources */,
				53ADEA8F28F5A1B700D228A9 /* SceneDelegate.swift in Sources */,
			);
			runOnlyForDeploymentPostprocessing = 0;
		};
		53ADEA9B28F5A1BB00D228A9 /* Sources */ = {
			isa = PBXSourcesBuildPhase;
			buildActionMask = 2147483647;
			files = (
				53ADEAA428F5A1BB00D228A9 /* WordGuessAppTests.swift in Sources */,
			);
			runOnlyForDeploymentPostprocessing = 0;
		};
		53ADEAA528F5A1BB00D228A9 /* Sources */ = {
			isa = PBXSourcesBuildPhase;
			buildActionMask = 2147483647;
			files = (
				53ADEAB028F5A1BB00D228A9 /* WordGuessAppUITestsLaunchTests.swift in Sources */,
				53ADEAAE28F5A1BB00D228A9 /* WordGuessAppUITests.swift in Sources */,
			);
			runOnlyForDeploymentPostprocessing = 0;
		};
/* End PBXSourcesBuildPhase section */

/* Begin PBXTargetDependency section */
		53ADEAA128F5A1BB00D228A9 /* PBXTargetDependency */ = {
			isa = PBXTargetDependency;
			target = 53ADEA8828F5A1B700D228A9 /* WordGuessApp */;
			targetProxy = 53ADEAA028F5A1BB00D228A9 /* PBXContainerItemProxy */;
		};
		53ADEAAB28F5A1BB00D228A9 /* PBXTargetDependency */ = {
			isa = PBXTargetDependency;
			target = 53ADEA8828F5A1B700D228A9 /* WordGuessApp */;
			targetProxy = 53ADEAAA28F5A1BB00D228A9 /* PBXContainerItemProxy */;
		};
/* End PBXTargetDependency section */

/* Begin PBXVariantGroup section */
		53ADEA9228F5A1B700D228A9 /* Main.storyboard */ = {
			isa = PBXVariantGroup;
			children = (
				53ADEA9328F5A1B700D228A9 /* Base */,
			);
			name = Main.storyboard;
			sourceTree = "<group>";
		};
		53ADEA9728F5A1BB00D228A9 /* LaunchScreen.storyboard */ = {
			isa = PBXVariantGroup;
			children = (
				53ADEA9828F5A1BB00D228A9 /* Base */,
			);
			name = LaunchScreen.storyboard;
			sourceTree = "<group>";
		};
/* End PBXVariantGroup section */

/* Begin XCBuildConfiguration section */
		53ADEAB128F5A1BB00D228A9 /* Debug */ = {
			isa = XCBuildConfiguration;
			buildSettings = {
				ALWAYS_SEARCH_USER_PATHS = NO;
				CLANG_ANALYZER_NONNULL = YES;
				CLANG_ANALYZER_NUMBER_OBJECT_CONVERSION = YES_AGGRESSIVE;
				CLANG_CXX_LANGUAGE_STANDARD = "gnu++17";
				CLANG_ENABLE_MODULES = YES;
				CLANG_ENABLE_OBJC_ARC = YES;
				CLANG_ENABLE_OBJC_WEAK = YES;
				CLANG_WARN_BLOCK_CAPTURE_AUTORELEASING = YES;
				CLANG_WARN_BOOL_CONVERSION = YES;
				CLANG_WARN_COMMA = YES;
				CLANG_WARN_CONSTANT_CONVERSION = YES;
				CLANG_WARN_DEPRECATED_OBJC_IMPLEMENTATIONS = YES;
				CLANG_WARN_DIRECT_OBJC_ISA_USAGE = YES_ERROR;
				CLANG_WARN_DOCUMENTATION_COMMENTS = YES;
				CLANG_WARN_EMPTY_BODY = YES;
				CLANG_WARN_ENUM_CONVERSION = YES;
				CLANG_WARN_INFINITE_RECURSION = YES;
				CLANG_WARN_INT_CONVERSION = YES;
				CLANG_WARN_NON_LITERAL_NULL_CONVERSION = YES;
				CLANG_WARN_OBJC_IMPLICIT_RETAIN_SELF = YES;
				CLANG_WARN_OBJC_LITERAL_CONVERSION = YES;
				CLANG_WARN_OBJC_ROOT_CLASS = YES_ERROR;
				CLANG_WARN_QUOTED_INCLUDE_IN_FRAMEWORK_HEADER = YES;
				CLANG_WARN_RANGE_LOOP_ANALYSIS = YES;
				CLANG_WARN_STRICT_PROTOTYPES = YES;
				CLANG_WARN_SUSPICIOUS_MOVE = YES;
				CLANG_WARN_UNGUARDED_AVAILABILITY = YES_AGGRESSIVE;
				CLANG_WARN_UNREACHABLE_CODE = YES;
				CLANG_WARN__DUPLICATE_METHOD_MATCH = YES;
				COPY_PHASE_STRIP = NO;
				DEBUG_INFORMATION_FORMAT = dwarf;
				ENABLE_STRICT_OBJC_MSGSEND = YES;
				ENABLE_TESTABILITY = YES;
				GCC_C_LANGUAGE_STANDARD = gnu11;
				GCC_DYNAMIC_NO_PIC = NO;
				GCC_NO_COMMON_BLOCKS = YES;
				GCC_OPTIMIZATION_LEVEL = 0;
				GCC_PREPROCESSOR_DEFINITIONS = (
					"DEBUG=1",
					"$(inherited)",
				);
				GCC_WARN_64_TO_32_BIT_CONVERSION = YES;
				GCC_WARN_ABOUT_RETURN_TYPE = YES_ERROR;
				GCC_WARN_UNDECLARED_SELECTOR = YES;
				GCC_WARN_UNINITIALIZED_AUTOS = YES_AGGRESSIVE;
				GCC_WARN_UNUSED_FUNCTION = YES;
				GCC_WARN_UNUSED_VARIABLE = YES;
				IPHONEOS_DEPLOYMENT_TARGET = 15.5;
				MTL_ENABLE_DEBUG_INFO = INCLUDE_SOURCE;
				MTL_FAST_MATH = YES;
				ONLY_ACTIVE_ARCH = YES;
				SDKROOT = iphoneos;
				SWIFT_ACTIVE_COMPILATION_CONDITIONS = DEBUG;
				SWIFT_OPTIMIZATION_LEVEL = "-Onone";
			};
			name = Debug;
		};
		53ADEAB228F5A1BB00D228A9 /* Release */ = {
			isa = XCBuildConfiguration;
			buildSettings = {
				ALWAYS_SEARCH_USER_PATHS = NO;
				CLANG_ANALYZER_NONNULL = YES;
				CLANG_ANALYZER_NUMBER_OBJECT_CONVERSION = YES_AGGRESSIVE;
				CLANG_CXX_LANGUAGE_STANDARD = "gnu++17";
				CLANG_ENABLE_MODULES = YES;
				CLANG_ENABLE_OBJC_ARC = YES;
				CLANG_ENABLE_OBJC_WEAK = YES;
				CLANG_WARN_BLOCK_CAPTURE_AUTORELEASING = YES;
				CLANG_WARN_BOOL_CONVERSION = YES;
				CLANG_WARN_COMMA = YES;
				CLANG_WARN_CONSTANT_CONVERSION = YES;
				CLANG_WARN_DEPRECATED_OBJC_IMPLEMENTATIONS = YES;
				CLANG_WARN_DIRECT_OBJC_ISA_USAGE = YES_ERROR;
				CLANG_WARN_DOCUMENTATION_COMMENTS = YES;
				CLANG_WARN_EMPTY_BODY = YES;
				CLANG_WARN_ENUM_CONVERSION = YES;
				CLANG_WARN_INFINITE_RECURSION = YES;
				CLANG_WARN_INT_CONVERSION = YES;
				CLANG_WARN_NON_LITERAL_NULL_CONVERSION = YES;
				CLANG_WARN_OBJC_IMPLICIT_RETAIN_SELF = YES;
				CLANG_WARN_OBJC_LITERAL_CONVERSION = YES;
				CLANG_WARN_OBJC_ROOT_CLASS = YES_ERROR;
				CLANG_WARN_QUOTED_INCLUDE_IN_FRAMEWORK_HEADER = YES;
				CLANG_WARN_RANGE_LOOP_ANALYSIS = YES;
				CLANG_WARN_STRICT_PROTOTYPES = YES;
				CLANG_WARN_SUSPICIOUS_MOVE = YES;
				CLANG_WARN_UNGUARDED_AVAILABILITY = YES_AGGRESSIVE;
				CLANG_WARN_UNREACHABLE_CODE = YES;
				CLANG_WARN__DUPLICATE_METHOD_MATCH = YES;
				COPY_PHASE_STRIP = NO;
				DEBUG_INFORMATION_FORMAT = "dwarf-with-dsym";
				ENABLE_NS_ASSERTIONS = NO;
				ENABLE_STRICT_OBJC_MSGSEND = YES;
				GCC_C_LANGUAGE_STANDARD = gnu11;
				GCC_NO_COMMON_BLOCKS = YES;
				GCC_WARN_64_TO_32_BIT_CONVERSION = YES;
				GCC_WARN_ABOUT_RETURN_TYPE = YES_ERROR;
				GCC_WARN_UNDECLARED_SELECTOR = YES;
				GCC_WARN_UNINITIALIZED_AUTOS = YES_AGGRESSIVE;
				GCC_WARN_UNUSED_FUNCTION = YES;
				GCC_WARN_UNUSED_VARIABLE = YES;
				IPHONEOS_DEPLOYMENT_TARGET = 15.5;
				MTL_ENABLE_DEBUG_INFO = NO;
				MTL_FAST_MATH = YES;
				SDKROOT = iphoneos;
				SWIFT_COMPILATION_MODE = wholemodule;
				SWIFT_OPTIMIZATION_LEVEL = "-O";
				VALIDATE_PRODUCT = YES;
			};
			name = Release;
		};
		53ADEAB428F5A1BB00D228A9 /* Debug */ = {
			isa = XCBuildConfiguration;
			buildSettings = {
				ASSETCATALOG_COMPILER_APPICON_NAME = AppIcon;
				ASSETCATALOG_COMPILER_GLOBAL_ACCENT_COLOR_NAME = AccentColor;
				CODE_SIGN_STYLE = Automatic;
				CURRENT_PROJECT_VERSION = 1;
				GENERATE_INFOPLIST_FILE = YES;
				INFOPLIST_FILE = WordGuessApp/Info.plist;
				INFOPLIST_KEY_UIApplicationSupportsIndirectInputEvents = YES;
				INFOPLIST_KEY_UILaunchStoryboardName = LaunchScreen;
				INFOPLIST_KEY_UIMainStoryboardFile = Main;
				INFOPLIST_KEY_UISupportedInterfaceOrientations_iPad = "UIInterfaceOrientationPortrait UIInterfaceOrientationPortraitUpsideDown UIInterfaceOrientationLandscapeLeft UIInterfaceOrientationLandscapeRight";
				INFOPLIST_KEY_UISupportedInterfaceOrientations_iPhone = "UIInterfaceOrientationPortrait UIInterfaceOrientationLandscapeLeft UIInterfaceOrientationLandscapeRight";
				LD_RUNPATH_SEARCH_PATHS = (
					"$(inherited)",
					"@executable_path/Frameworks",
				);
				MARKETING_VERSION = 1.0;
				PRODUCT_BUNDLE_IDENTIFIER = nwmissouri.edu.WordGuessApp;
				PRODUCT_NAME = "$(TARGET_NAME)";
				SWIFT_EMIT_LOC_STRINGS = YES;
				SWIFT_VERSION = 5.0;
				TARGETED_DEVICE_FAMILY = "1,2";
			};
			name = Debug;
		};
		53ADEAB528F5A1BB00D228A9 /* Release */ = {
			isa = XCBuildConfiguration;
			buildSettings = {
				ASSETCATALOG_COMPILER_APPICON_NAME = AppIcon;
				ASSETCATALOG_COMPILER_GLOBAL_ACCENT_COLOR_NAME = AccentColor;
				CODE_SIGN_STYLE = Automatic;
				CURRENT_PROJECT_VERSION = 1;
				GENERATE_INFOPLIST_FILE = YES;
				INFOPLIST_FILE = WordGuessApp/Info.plist;
				INFOPLIST_KEY_UIApplicationSupportsIndirectInputEvents = YES;
				INFOPLIST_KEY_UILaunchStoryboardName = LaunchScreen;
				INFOPLIST_KEY_UIMainStoryboardFile = Main;
				INFOPLIST_KEY_UISupportedInterfaceOrientations_iPad = "UIInterfaceOrientationPortrait UIInterfaceOrientationPortraitUpsideDown UIInterfaceOrientationLandscapeLeft UIInterfaceOrientationLandscapeRight";
				INFOPLIST_KEY_UISupportedInterfaceOrientations_iPhone = "UIInterfaceOrientationPortrait UIInterfaceOrientationLandscapeLeft UIInterfaceOrientationLandscapeRight";
				LD_RUNPATH_SEARCH_PATHS = (
					"$(inherited)",
					"@executable_path/Frameworks",
				);
				MARKETING_VERSION = 1.0;
				PRODUCT_BUNDLE_IDENTIFIER = nwmissouri.edu.WordGuessApp;
				PRODUCT_NAME = "$(TARGET_NAME)";
				SWIFT_EMIT_LOC_STRINGS = YES;
				SWIFT_VERSION = 5.0;
				TARGETED_DEVICE_FAMILY = "1,2";
			};
			name = Release;
		};
		53ADEAB728F5A1BB00D228A9 /* Debug */ = {
			isa = XCBuildConfiguration;
			buildSettings = {
				ALWAYS_EMBED_SWIFT_STANDARD_LIBRARIES = YES;
				BUNDLE_LOADER = "$(TEST_HOST)";
				CODE_SIGN_STYLE = Automatic;
				CURRENT_PROJECT_VERSION = 1;
				GENERATE_INFOPLIST_FILE = YES;
				IPHONEOS_DEPLOYMENT_TARGET = 15.5;
				MARKETING_VERSION = 1.0;
				PRODUCT_BUNDLE_IDENTIFIER = nwmissouri.edu.WordGuessAppTests;
				PRODUCT_NAME = "$(TARGET_NAME)";
				SWIFT_EMIT_LOC_STRINGS = NO;
				SWIFT_VERSION = 5.0;
				TARGETED_DEVICE_FAMILY = "1,2";
				TEST_HOST = "$(BUILT_PRODUCTS_DIR)/WordGuessApp.app/WordGuessApp";
			};
			name = Debug;
		};
		53ADEAB828F5A1BB00D228A9 /* Release */ = {
			isa = XCBuildConfiguration;
			buildSettings = {
				ALWAYS_EMBED_SWIFT_STANDARD_LIBRARIES = YES;
				BUNDLE_LOADER = "$(TEST_HOST)";
				CODE_SIGN_STYLE = Automatic;
				CURRENT_PROJECT_VERSION = 1;
				GENERATE_INFOPLIST_FILE = YES;
				IPHONEOS_DEPLOYMENT_TARGET = 15.5;
				MARKETING_VERSION = 1.0;
				PRODUCT_BUNDLE_IDENTIFIER = nwmissouri.edu.WordGuessAppTests;
				PRODUCT_NAME = "$(TARGET_NAME)";
				SWIFT_EMIT_LOC_STRINGS = NO;
				SWIFT_VERSION = 5.0;
				TARGETED_DEVICE_FAMILY = "1,2";
				TEST_HOST = "$(BUILT_PRODUCTS_DIR)/WordGuessApp.app/WordGuessApp";
			};
			name = Release;
		};
		53ADEABA28F5A1BB00D228A9 /* Debug */ = {
			isa = XCBuildConfiguration;
			buildSettings = {
				ALWAYS_EMBED_SWIFT_STANDARD_LIBRARIES = YES;
				CODE_SIGN_STYLE = Automatic;
				CURRENT_PROJECT_VERSION = 1;
				GENERATE_INFOPLIST_FILE = YES;
				MARKETING_VERSION = 1.0;
				PRODUCT_BUNDLE_IDENTIFIER = nwmissouri.edu.WordGuessAppUITests;
				PRODUCT_NAME = "$(TARGET_NAME)";
				SWIFT_EMIT_LOC_STRINGS = NO;
				SWIFT_VERSION = 5.0;
				TARGETED_DEVICE_FAMILY = "1,2";
				TEST_TARGET_NAME = WordGuessApp;
			};
			name = Debug;
		};
		53ADEABB28F5A1BB00D228A9 /* Release */ = {
			isa = XCBuildConfiguration;
			buildSettings = {
				ALWAYS_EMBED_SWIFT_STANDARD_LIBRARIES = YES;
				CODE_SIGN_STYLE = Automatic;
				CURRENT_PROJECT_VERSION = 1;
				GENERATE_INFOPLIST_FILE = YES;
				MARKETING_VERSION = 1.0;
				PRODUCT_BUNDLE_IDENTIFIER = nwmissouri.edu.WordGuessAppUITests;
				PRODUCT_NAME = "$(TARGET_NAME)";
				SWIFT_EMIT_LOC_STRINGS = NO;
				SWIFT_VERSION = 5.0;
				TARGETED_DEVICE_FAMILY = "1,2";
				TEST_TARGET_NAME = WordGuessApp;
			};
			name = Release;
		};
/* End XCBuildConfiguration section */

/* Begin XCConfigurationList section */
		53ADEA8428F5A1B700D228A9 /* Build configuration list for PBXProject "WordGuessApp" */ = {
			isa = XCConfigurationList;
			buildConfigurations = (
				53ADEAB128F5A1BB00D228A9 /* Debug */,
				53ADEAB228F5A1BB00D228A9 /* Release */,
			);
			defaultConfigurationIsVisible = 0;
			defaultConfigurationName = Release;
		};
		53ADEAB328F5A1BB00D228A9 /* Build configuration list for PBXNativeTarget "WordGuessApp" */ = {
			isa = XCConfigurationList;
			buildConfigurations = (
				53ADEAB428F5A1BB00D228A9 /* Debug */,
				53ADEAB528F5A1BB00D228A9 /* Release */,
			);
			defaultConfigurationIsVisible = 0;
			defaultConfigurationName = Release;
		};
		53ADEAB628F5A1BB00D228A9 /* Build configuration list for PBXNativeTarget "WordGuessAppTests" */ = {
			isa = XCConfigurationList;
			buildConfigurations = (
				53ADEAB728F5A1BB00D228A9 /* Debug */,
				53ADEAB828F5A1BB00D228A9 /* Release */,
			);
			defaultConfigurationIsVisible = 0;
			defaultConfigurationName = Release;
		};
		53ADEAB928F5A1BB00D228A9 /* Build configuration list for PBXNativeTarget "WordGuessAppUITests" */ = {
			isa = XCConfigurationList;
			buildConfigurations = (
				53ADEABA28F5A1BB00D228A9 /* Debug */,
				53ADEABB28F5A1BB00D228A9 /* Release */,
			);
			defaultConfigurationIsVisible = 0;
			defaultConfigurationName = Release;
		};
/* End XCConfigurationList section */
	};
	rootObject = 53ADEA8128F5A1B700D228A9 /* Project object */;
}
