// !$*UTF8*$!
{
	archiveVersion = 1;
	classes = {
	};
	objectVersion = 55;
	objects = {

/* Begin PBXBuildFile section */
		5307CD702913F3BD0019F9D5 /* AppDelegate.swift in Sources */ = {isa = PBXBuildFile; fileRef = 5307CD6F2913F3BD0019F9D5 /* AppDelegate.swift */; };
		5307CD722913F3BD0019F9D5 /* SceneDelegate.swift in Sources */ = {isa = PBXBuildFile; fileRef = 5307CD712913F3BD0019F9D5 /* SceneDelegate.swift */; };
		5307CD742913F3BD0019F9D5 /* AvalabilityCheckViewController.swift in Sources */ = {isa = PBXBuildFile; fileRef = 5307CD732913F3BD0019F9D5 /* AvalabilityCheckViewController.swift */; };
		5307CD772913F3BD0019F9D5 /* Main.storyboard in Resources */ = {isa = PBXBuildFile; fileRef = 5307CD752913F3BD0019F9D5 /* Main.storyboard */; };
		5307CD792913F3C10019F9D5 /* Assets.xcassets in Resources */ = {isa = PBXBuildFile; fileRef = 5307CD782913F3C10019F9D5 /* Assets.xcassets */; };
		5307CD7C2913F3C10019F9D5 /* LaunchScreen.storyboard in Resources */ = {isa = PBXBuildFile; fileRef = 5307CD7A2913F3C10019F9D5 /* LaunchScreen.storyboard */; };
		5307CD872913F3C10019F9D5 /* Bishop_TicketCheckoutAppTests.swift in Sources */ = {isa = PBXBuildFile; fileRef = 5307CD862913F3C10019F9D5 /* Bishop_TicketCheckoutAppTests.swift */; };
		5307CD912913F3C10019F9D5 /* Bishop_TicketCheckoutAppUITests.swift in Sources */ = {isa = PBXBuildFile; fileRef = 5307CD902913F3C10019F9D5 /* Bishop_TicketCheckoutAppUITests.swift */; };
		5307CD932913F3C10019F9D5 /* Bishop_TicketCheckoutAppUITestsLaunchTests.swift in Sources */ = {isa = PBXBuildFile; fileRef = 5307CD922913F3C10019F9D5 /* Bishop_TicketCheckoutAppUITestsLaunchTests.swift */; };
		5307CDA02913F5040019F9D5 /* Ticket.swift in Sources */ = {isa = PBXBuildFile; fileRef = 5307CD9F2913F5040019F9D5 /* Ticket.swift */; };
		5307CDA22914019F0019F9D5 /* CheckoutTicketViewController.swift in Sources */ = {isa = PBXBuildFile; fileRef = 5307CDA12914019F0019F9D5 /* CheckoutTicketViewController.swift */; };
/* End PBXBuildFile section */

/* Begin PBXContainerItemProxy section */
		5307CD832913F3C10019F9D5 /* PBXContainerItemProxy */ = {
			isa = PBXContainerItemProxy;
			containerPortal = 5307CD642913F3BD0019F9D5 /* Project object */;
			proxyType = 1;
			remoteGlobalIDString = 5307CD6B2913F3BD0019F9D5;
			remoteInfo = Bishop_TicketCheckoutApp;
		};
		5307CD8D2913F3C10019F9D5 /* PBXContainerItemProxy */ = {
			isa = PBXContainerItemProxy;
			containerPortal = 5307CD642913F3BD0019F9D5 /* Project object */;
			proxyType = 1;
			remoteGlobalIDString = 5307CD6B2913F3BD0019F9D5;
			remoteInfo = Bishop_TicketCheckoutApp;
		};
/* End PBXContainerItemProxy section */

/* Begin PBXFileReference section */
		5307CD6C2913F3BD0019F9D5 /* Bishop_TicketCheckoutApp.app */ = {isa = PBXFileReference; explicitFileType = wrapper.application; includeInIndex = 0; path = Bishop_TicketCheckoutApp.app; sourceTree = BUILT_PRODUCTS_DIR; };
		5307CD6F2913F3BD0019F9D5 /* AppDelegate.swift */ = {isa = PBXFileReference; lastKnownFileType = sourcecode.swift; path = AppDelegate.swift; sourceTree = "<group>"; };
		5307CD712913F3BD0019F9D5 /* SceneDelegate.swift */ = {isa = PBXFileReference; lastKnownFileType = sourcecode.swift; path = SceneDelegate.swift; sourceTree = "<group>"; };
		5307CD732913F3BD0019F9D5 /* AvalabilityCheckViewController.swift */ = {isa = PBXFileReference; lastKnownFileType = sourcecode.swift; path = AvalabilityCheckViewController.swift; sourceTree = "<group>"; };
		5307CD762913F3BD0019F9D5 /* Base */ = {isa = PBXFileReference; lastKnownFileType = file.storyboard; name = Base; path = Base.lproj/Main.storyboard; sourceTree = "<group>"; };
		5307CD782913F3C10019F9D5 /* Assets.xcassets */ = {isa = PBXFileReference; lastKnownFileType = folder.assetcatalog; path = Assets.xcassets; sourceTree = "<group>"; };
		5307CD7B2913F3C10019F9D5 /* Base */ = {isa = PBXFileReference; lastKnownFileType = file.storyboard; name = Base; path = Base.lproj/LaunchScreen.storyboard; sourceTree = "<group>"; };
		5307CD7D2913F3C10019F9D5 /* Info.plist */ = {isa = PBXFileReference; lastKnownFileType = text.plist.xml; path = Info.plist; sourceTree = "<group>"; };
		5307CD822913F3C10019F9D5 /* Bishop_TicketCheckoutAppTests.xctest */ = {isa = PBXFileReference; explicitFileType = wrapper.cfbundle; includeInIndex = 0; path = Bishop_TicketCheckoutAppTests.xctest; sourceTree = BUILT_PRODUCTS_DIR; };
		5307CD862913F3C10019F9D5 /* Bishop_TicketCheckoutAppTests.swift */ = {isa = PBXFileReference; lastKnownFileType = sourcecode.swift; path = Bishop_TicketCheckoutAppTests.swift; sourceTree = "<group>"; };
		5307CD8C2913F3C10019F9D5 /* Bishop_TicketCheckoutAppUITests.xctest */ = {isa = PBXFileReference; explicitFileType = wrapper.cfbundle; includeInIndex = 0; path = Bishop_TicketCheckoutAppUITests.xctest; sourceTree = BUILT_PRODUCTS_DIR; };
		5307CD902913F3C10019F9D5 /* Bishop_TicketCheckoutAppUITests.swift */ = {isa = PBXFileReference; lastKnownFileType = sourcecode.swift; path = Bishop_TicketCheckoutAppUITests.swift; sourceTree = "<group>"; };
		5307CD922913F3C10019F9D5 /* Bishop_TicketCheckoutAppUITestsLaunchTests.swift */ = {isa = PBXFileReference; lastKnownFileType = sourcecode.swift; path = Bishop_TicketCheckoutAppUITestsLaunchTests.swift; sourceTree = "<group>"; };
		5307CD9F2913F5040019F9D5 /* Ticket.swift */ = {isa = PBXFileReference; lastKnownFileType = sourcecode.swift; path = Ticket.swift; sourceTree = "<group>"; };
		5307CDA12914019F0019F9D5 /* CheckoutTicketViewController.swift */ = {isa = PBXFileReference; lastKnownFileType = sourcecode.swift; path = CheckoutTicketViewController.swift; sourceTree = "<group>"; };
/* End PBXFileReference section */

/* Begin PBXFrameworksBuildPhase section */
		5307CD692913F3BD0019F9D5 /* Frameworks */ = {
			isa = PBXFrameworksBuildPhase;
			buildActionMask = 2147483647;
			files = (
			);
			runOnlyForDeploymentPostprocessing = 0;
		};
		5307CD7F2913F3C10019F9D5 /* Frameworks */ = {
			isa = PBXFrameworksBuildPhase;
			buildActionMask = 2147483647;
			files = (
			);
			runOnlyForDeploymentPostprocessing = 0;
		};
		5307CD892913F3C10019F9D5 /* Frameworks */ = {
			isa = PBXFrameworksBuildPhase;
			buildActionMask = 2147483647;
			files = (
			);
			runOnlyForDeploymentPostprocessing = 0;
		};
/* End PBXFrameworksBuildPhase section */

/* Begin PBXGroup section */
		5307CD632913F3BD0019F9D5 = {
			isa = PBXGroup;
			children = (
				5307CD6E2913F3BD0019F9D5 /* Bishop_TicketCheckoutApp */,
				5307CD852913F3C10019F9D5 /* Bishop_TicketCheckoutAppTests */,
				5307CD8F2913F3C10019F9D5 /* Bishop_TicketCheckoutAppUITests */,
				5307CD6D2913F3BD0019F9D5 /* Products */,
			);
			sourceTree = "<group>";
		};
		5307CD6D2913F3BD0019F9D5 /* Products */ = {
			isa = PBXGroup;
			children = (
				5307CD6C2913F3BD0019F9D5 /* Bishop_TicketCheckoutApp.app */,
				5307CD822913F3C10019F9D5 /* Bishop_TicketCheckoutAppTests.xctest */,
				5307CD8C2913F3C10019F9D5 /* Bishop_TicketCheckoutAppUITests.xctest */,
			);
			name = Products;
			sourceTree = "<group>";
		};
		5307CD6E2913F3BD0019F9D5 /* Bishop_TicketCheckoutApp */ = {
			isa = PBXGroup;
			children = (
				5307CD6F2913F3BD0019F9D5 /* AppDelegate.swift */,
				5307CD712913F3BD0019F9D5 /* SceneDelegate.swift */,
				5307CD732913F3BD0019F9D5 /* AvalabilityCheckViewController.swift */,
				5307CD752913F3BD0019F9D5 /* Main.storyboard */,
				5307CD782913F3C10019F9D5 /* Assets.xcassets */,
				5307CD7A2913F3C10019F9D5 /* LaunchScreen.storyboard */,
				5307CD7D2913F3C10019F9D5 /* Info.plist */,
				5307CD9F2913F5040019F9D5 /* Ticket.swift */,
				5307CDA12914019F0019F9D5 /* CheckoutTicketViewController.swift */,
			);
			path = Bishop_TicketCheckoutApp;
			sourceTree = "<group>";
		};
		5307CD852913F3C10019F9D5 /* Bishop_TicketCheckoutAppTests */ = {
			isa = PBXGroup;
			children = (
				5307CD862913F3C10019F9D5 /* Bishop_TicketCheckoutAppTests.swift */,
			);
			path = Bishop_TicketCheckoutAppTests;
			sourceTree = "<group>";
		};
		5307CD8F2913F3C10019F9D5 /* Bishop_TicketCheckoutAppUITests */ = {
			isa = PBXGroup;
			children = (
				5307CD902913F3C10019F9D5 /* Bishop_TicketCheckoutAppUITests.swift */,
				5307CD922913F3C10019F9D5 /* Bishop_TicketCheckoutAppUITestsLaunchTests.swift */,
			);
			path = Bishop_TicketCheckoutAppUITests;
			sourceTree = "<group>";
		};
/* End PBXGroup section */

/* Begin PBXNativeTarget section */
		5307CD6B2913F3BD0019F9D5 /* Bishop_TicketCheckoutApp */ = {
			isa = PBXNativeTarget;
			buildConfigurationList = 5307CD962913F3C10019F9D5 /* Build configuration list for PBXNativeTarget "Bishop_TicketCheckoutApp" */;
			buildPhases = (
				5307CD682913F3BD0019F9D5 /* Sources */,
				5307CD692913F3BD0019F9D5 /* Frameworks */,
				5307CD6A2913F3BD0019F9D5 /* Resources */,
			);
			buildRules = (
			);
			dependencies = (
			);
			name = Bishop_TicketCheckoutApp;
			productName = Bishop_TicketCheckoutApp;
			productReference = 5307CD6C2913F3BD0019F9D5 /* Bishop_TicketCheckoutApp.app */;
			productType = "com.apple.product-type.application";
		};
		5307CD812913F3C10019F9D5 /* Bishop_TicketCheckoutAppTests */ = {
			isa = PBXNativeTarget;
			buildConfigurationList = 5307CD992913F3C10019F9D5 /* Build configuration list for PBXNativeTarget "Bishop_TicketCheckoutAppTests" */;
			buildPhases = (
				5307CD7E2913F3C10019F9D5 /* Sources */,
				5307CD7F2913F3C10019F9D5 /* Frameworks */,
				5307CD802913F3C10019F9D5 /* Resources */,
			);
			buildRules = (
			);
			dependencies = (
				5307CD842913F3C10019F9D5 /* PBXTargetDependency */,
			);
			name = Bishop_TicketCheckoutAppTests;
			productName = Bishop_TicketCheckoutAppTests;
			productReference = 5307CD822913F3C10019F9D5 /* Bishop_TicketCheckoutAppTests.xctest */;
			productType = "com.apple.product-type.bundle.unit-test";
		};
		5307CD8B2913F3C10019F9D5 /* Bishop_TicketCheckoutAppUITests */ = {
			isa = PBXNativeTarget;
			buildConfigurationList = 5307CD9C2913F3C10019F9D5 /* Build configuration list for PBXNativeTarget "Bishop_TicketCheckoutAppUITests" */;
			buildPhases = (
				5307CD882913F3C10019F9D5 /* Sources */,
				5307CD892913F3C10019F9D5 /* Frameworks */,
				5307CD8A2913F3C10019F9D5 /* Resources */,
			);
			buildRules = (
			);
			dependencies = (
				5307CD8E2913F3C10019F9D5 /* PBXTargetDependency */,
			);
			name = Bishop_TicketCheckoutAppUITests;
			productName = Bishop_TicketCheckoutAppUITests;
			productReference = 5307CD8C2913F3C10019F9D5 /* Bishop_TicketCheckoutAppUITests.xctest */;
			productType = "com.apple.product-type.bundle.ui-testing";
		};
/* End PBXNativeTarget section */

/* Begin PBXProject section */
		5307CD642913F3BD0019F9D5 /* Project object */ = {
			isa = PBXProject;
			attributes = {
				BuildIndependentTargetsInParallel = 1;
				LastSwiftUpdateCheck = 1340;
				LastUpgradeCheck = 1340;
				TargetAttributes = {
					5307CD6B2913F3BD0019F9D5 = {
						CreatedOnToolsVersion = 13.4.1;
					};
					5307CD812913F3C10019F9D5 = {
						CreatedOnToolsVersion = 13.4.1;
						TestTargetID = 5307CD6B2913F3BD0019F9D5;
					};
					5307CD8B2913F3C10019F9D5 = {
						CreatedOnToolsVersion = 13.4.1;
						TestTargetID = 5307CD6B2913F3BD0019F9D5;
					};
				};
			};
			buildConfigurationList = 5307CD672913F3BD0019F9D5 /* Build configuration list for PBXProject "Bishop_TicketCheckoutApp" */;
			compatibilityVersion = "Xcode 13.0";
			developmentRegion = en;
			hasScannedForEncodings = 0;
			knownRegions = (
				en,
				Base,
			);
			mainGroup = 5307CD632913F3BD0019F9D5;
			productRefGroup = 5307CD6D2913F3BD0019F9D5 /* Products */;
			projectDirPath = "";
			projectRoot = "";
			targets = (
				5307CD6B2913F3BD0019F9D5 /* Bishop_TicketCheckoutApp */,
				5307CD812913F3C10019F9D5 /* Bishop_TicketCheckoutAppTests */,
				5307CD8B2913F3C10019F9D5 /* Bishop_TicketCheckoutAppUITests */,
			);
		};
/* End PBXProject section */

/* Begin PBXResourcesBuildPhase section */
		5307CD6A2913F3BD0019F9D5 /* Resources */ = {
			isa = PBXResourcesBuildPhase;
			buildActionMask = 2147483647;
			files = (
				5307CD7C2913F3C10019F9D5 /* LaunchScreen.storyboard in Resources */,
				5307CD792913F3C10019F9D5 /* Assets.xcassets in Resources */,
				5307CD772913F3BD0019F9D5 /* Main.storyboard in Resources */,
			);
			runOnlyForDeploymentPostprocessing = 0;
		};
		5307CD802913F3C10019F9D5 /* Resources */ = {
			isa = PBXResourcesBuildPhase;
			buildActionMask = 2147483647;
			files = (
			);
			runOnlyForDeploymentPostprocessing = 0;
		};
		5307CD8A2913F3C10019F9D5 /* Resources */ = {
			isa = PBXResourcesBuildPhase;
			buildActionMask = 2147483647;
			files = (
			);
			runOnlyForDeploymentPostprocessing = 0;
		};
/* End PBXResourcesBuildPhase section */

/* Begin PBXSourcesBuildPhase section */
		5307CD682913F3BD0019F9D5 /* Sources */ = {
			isa = PBXSourcesBuildPhase;
			buildActionMask = 2147483647;
			files = (
				5307CD742913F3BD0019F9D5 /* AvalabilityCheckViewController.swift in Sources */,
				5307CDA22914019F0019F9D5 /* CheckoutTicketViewController.swift in Sources */,
				5307CD702913F3BD0019F9D5 /* AppDelegate.swift in Sources */,
				5307CD722913F3BD0019F9D5 /* SceneDelegate.swift in Sources */,
				5307CDA02913F5040019F9D5 /* Ticket.swift in Sources */,
			);
			runOnlyForDeploymentPostprocessing = 0;
		};
		5307CD7E2913F3C10019F9D5 /* Sources */ = {
			isa = PBXSourcesBuildPhase;
			buildActionMask = 2147483647;
			files = (
				5307CD872913F3C10019F9D5 /* Bishop_TicketCheckoutAppTests.swift in Sources */,
			);
			runOnlyForDeploymentPostprocessing = 0;
		};
		5307CD882913F3C10019F9D5 /* Sources */ = {
			isa = PBXSourcesBuildPhase;
			buildActionMask = 2147483647;
			files = (
				5307CD912913F3C10019F9D5 /* Bishop_TicketCheckoutAppUITests.swift in Sources */,
				5307CD932913F3C10019F9D5 /* Bishop_TicketCheckoutAppUITestsLaunchTests.swift in Sources */,
			);
			runOnlyForDeploymentPostprocessing = 0;
		};
/* End PBXSourcesBuildPhase section */

/* Begin PBXTargetDependency section */
		5307CD842913F3C10019F9D5 /* PBXTargetDependency */ = {
			isa = PBXTargetDependency;
			target = 5307CD6B2913F3BD0019F9D5 /* Bishop_TicketCheckoutApp */;
			targetProxy = 5307CD832913F3C10019F9D5 /* PBXContainerItemProxy */;
		};
		5307CD8E2913F3C10019F9D5 /* PBXTargetDependency */ = {
			isa = PBXTargetDependency;
			target = 5307CD6B2913F3BD0019F9D5 /* Bishop_TicketCheckoutApp */;
			targetProxy = 5307CD8D2913F3C10019F9D5 /* PBXContainerItemProxy */;
		};
/* End PBXTargetDependency section */

/* Begin PBXVariantGroup section */
		5307CD752913F3BD0019F9D5 /* Main.storyboard */ = {
			isa = PBXVariantGroup;
			children = (
				5307CD762913F3BD0019F9D5 /* Base */,
			);
			name = Main.storyboard;
			sourceTree = "<group>";
		};
		5307CD7A2913F3C10019F9D5 /* LaunchScreen.storyboard */ = {
			isa = PBXVariantGroup;
			children = (
				5307CD7B2913F3C10019F9D5 /* Base */,
			);
			name = LaunchScreen.storyboard;
			sourceTree = "<group>";
		};
/* End PBXVariantGroup section */

/* Begin XCBuildConfiguration section */
		5307CD942913F3C10019F9D5 /* Debug */ = {
			isa = XCBuildConfiguration;
			buildSettings = {
				ALWAYS_SEARCH_USER_PATHS = NO;
				CLANG_ANALYZER_NONNULL = YES;
				CLANG_ANALYZER_NUMBER_OBJECT_CONVERSION = YES_AGGRESSIVE;
				CLANG_CXX_LANGUAGE_STANDARD = "gnu++17";
				CLANG_ENABLE_MODULES = YES;
				CLANG_ENABLE_OBJC_ARC = YES;
				CLANG_ENABLE_OBJC_WEAK = YES;
				CLANG_WARN_BLOCK_CAPTURE_AUTORELEASING = YES;
				CLANG_WARN_BOOL_CONVERSION = YES;
				CLANG_WARN_COMMA = YES;
				CLANG_WARN_CONSTANT_CONVERSION = YES;
				CLANG_WARN_DEPRECATED_OBJC_IMPLEMENTATIONS = YES;
				CLANG_WARN_DIRECT_OBJC_ISA_USAGE = YES_ERROR;
				CLANG_WARN_DOCUMENTATION_COMMENTS = YES;
				CLANG_WARN_EMPTY_BODY = YES;
				CLANG_WARN_ENUM_CONVERSION = YES;
				CLANG_WARN_INFINITE_RECURSION = YES;
				CLANG_WARN_INT_CONVERSION = YES;
				CLANG_WARN_NON_LITERAL_NULL_CONVERSION = YES;
				CLANG_WARN_OBJC_IMPLICIT_RETAIN_SELF = YES;
				CLANG_WARN_OBJC_LITERAL_CONVERSION = YES;
				CLANG_WARN_OBJC_ROOT_CLASS = YES_ERROR;
				CLANG_WARN_QUOTED_INCLUDE_IN_FRAMEWORK_HEADER = YES;
				CLANG_WARN_RANGE_LOOP_ANALYSIS = YES;
				CLANG_WARN_STRICT_PROTOTYPES = YES;
				CLANG_WARN_SUSPICIOUS_MOVE = YES;
				CLANG_WARN_UNGUARDED_AVAILABILITY = YES_AGGRESSIVE;
				CLANG_WARN_UNREACHABLE_CODE = YES;
				CLANG_WARN__DUPLICATE_METHOD_MATCH = YES;
				COPY_PHASE_STRIP = NO;
				DEBUG_INFORMATION_FORMAT = dwarf;
				ENABLE_STRICT_OBJC_MSGSEND = YES;
				ENABLE_TESTABILITY = YES;
				GCC_C_LANGUAGE_STANDARD = gnu11;
				GCC_DYNAMIC_NO_PIC = NO;
				GCC_NO_COMMON_BLOCKS = YES;
				GCC_OPTIMIZATION_LEVEL = 0;
				GCC_PREPROCESSOR_DEFINITIONS = (
					"DEBUG=1",
					"$(inherited)",
				);
				GCC_WARN_64_TO_32_BIT_CONVERSION = YES;
				GCC_WARN_ABOUT_RETURN_TYPE = YES_ERROR;
				GCC_WARN_UNDECLARED_SELECTOR = YES;
				GCC_WARN_UNINITIALIZED_AUTOS = YES_AGGRESSIVE;
				GCC_WARN_UNUSED_FUNCTION = YES;
				GCC_WARN_UNUSED_VARIABLE = YES;
				IPHONEOS_DEPLOYMENT_TARGET = 15.5;
				MTL_ENABLE_DEBUG_INFO = INCLUDE_SOURCE;
				MTL_FAST_MATH = YES;
				ONLY_ACTIVE_ARCH = YES;
				SDKROOT = iphoneos;
				SWIFT_ACTIVE_COMPILATION_CONDITIONS = DEBUG;
				SWIFT_OPTIMIZATION_LEVEL = "-Onone";
			};
			name = Debug;
		};
		5307CD952913F3C10019F9D5 /* Release */ = {
			isa = XCBuildConfiguration;
			buildSettings = {
				ALWAYS_SEARCH_USER_PATHS = NO;
				CLANG_ANALYZER_NONNULL = YES;
				CLANG_ANALYZER_NUMBER_OBJECT_CONVERSION = YES_AGGRESSIVE;
				CLANG_CXX_LANGUAGE_STANDARD = "gnu++17";
				CLANG_ENABLE_MODULES = YES;
				CLANG_ENABLE_OBJC_ARC = YES;
				CLANG_ENABLE_OBJC_WEAK = YES;
				CLANG_WARN_BLOCK_CAPTURE_AUTORELEASING = YES;
				CLANG_WARN_BOOL_CONVERSION = YES;
				CLANG_WARN_COMMA = YES;
				CLANG_WARN_CONSTANT_CONVERSION = YES;
				CLANG_WARN_DEPRECATED_OBJC_IMPLEMENTATIONS = YES;
				CLANG_WARN_DIRECT_OBJC_ISA_USAGE = YES_ERROR;
				CLANG_WARN_DOCUMENTATION_COMMENTS = YES;
				CLANG_WARN_EMPTY_BODY = YES;
				CLANG_WARN_ENUM_CONVERSION = YES;
				CLANG_WARN_INFINITE_RECURSION = YES;
				CLANG_WARN_INT_CONVERSION = YES;
				CLANG_WARN_NON_LITERAL_NULL_CONVERSION = YES;
				CLANG_WARN_OBJC_IMPLICIT_RETAIN_SELF = YES;
				CLANG_WARN_OBJC_LITERAL_CONVERSION = YES;
				CLANG_WARN_OBJC_ROOT_CLASS = YES_ERROR;
				CLANG_WARN_QUOTED_INCLUDE_IN_FRAMEWORK_HEADER = YES;
				CLANG_WARN_RANGE_LOOP_ANALYSIS = YES;
				CLANG_WARN_STRICT_PROTOTYPES = YES;
				CLANG_WARN_SUSPICIOUS_MOVE = YES;
				CLANG_WARN_UNGUARDED_AVAILABILITY = YES_AGGRESSIVE;
				CLANG_WARN_UNREACHABLE_CODE = YES;
				CLANG_WARN__DUPLICATE_METHOD_MATCH = YES;
				COPY_PHASE_STRIP = NO;
				DEBUG_INFORMATION_FORMAT = "dwarf-with-dsym";
				ENABLE_NS_ASSERTIONS = NO;
				ENABLE_STRICT_OBJC_MSGSEND = YES;
				GCC_C_LANGUAGE_STANDARD = gnu11;
				GCC_NO_COMMON_BLOCKS = YES;
				GCC_WARN_64_TO_32_BIT_CONVERSION = YES;
				GCC_WARN_ABOUT_RETURN_TYPE = YES_ERROR;
				GCC_WARN_UNDECLARED_SELECTOR = YES;
				GCC_WARN_UNINITIALIZED_AUTOS = YES_AGGRESSIVE;
				GCC_WARN_UNUSED_FUNCTION = YES;
				GCC_WARN_UNUSED_VARIABLE = YES;
				IPHONEOS_DEPLOYMENT_TARGET = 15.5;
				MTL_ENABLE_DEBUG_INFO = NO;
				MTL_FAST_MATH = YES;
				SDKROOT = iphoneos;
				SWIFT_COMPILATION_MODE = wholemodule;
				SWIFT_OPTIMIZATION_LEVEL = "-O";
				VALIDATE_PRODUCT = YES;
			};
			name = Release;
		};
		5307CD972913F3C10019F9D5 /* Debug */ = {
			isa = XCBuildConfiguration;
			buildSettings = {
				ASSETCATALOG_COMPILER_APPICON_NAME = AppIcon;
				ASSETCATALOG_COMPILER_GLOBAL_ACCENT_COLOR_NAME = AccentColor;
				CODE_SIGN_STYLE = Automatic;
				CURRENT_PROJECT_VERSION = 1;
				GENERATE_INFOPLIST_FILE = YES;
				INFOPLIST_FILE = Bishop_TicketCheckoutApp/Info.plist;
				INFOPLIST_KEY_UIApplicationSupportsIndirectInputEvents = YES;
				INFOPLIST_KEY_UILaunchStoryboardName = LaunchScreen;
				INFOPLIST_KEY_UIMainStoryboardFile = Main;
				INFOPLIST_KEY_UISupportedInterfaceOrientations_iPad = "UIInterfaceOrientationPortrait UIInterfaceOrientationPortraitUpsideDown UIInterfaceOrientationLandscapeLeft UIInterfaceOrientationLandscapeRight";
				INFOPLIST_KEY_UISupportedInterfaceOrientations_iPhone = "UIInterfaceOrientationPortrait UIInterfaceOrientationLandscapeLeft UIInterfaceOrientationLandscapeRight";
				LD_RUNPATH_SEARCH_PATHS = (
					"$(inherited)",
					"@executable_path/Frameworks",
				);
				MARKETING_VERSION = 1.0;
				PRODUCT_BUNDLE_IDENTIFIER = "nwmissouri.edu.Bishop-TicketCheckoutApp";
				PRODUCT_NAME = "$(TARGET_NAME)";
				SWIFT_EMIT_LOC_STRINGS = YES;
				SWIFT_VERSION = 5.0;
				TARGETED_DEVICE_FAMILY = "1,2";
			};
			name = Debug;
		};
		5307CD982913F3C10019F9D5 /* Release */ = {
			isa = XCBuildConfiguration;
			buildSettings = {
				ASSETCATALOG_COMPILER_APPICON_NAME = AppIcon;
				ASSETCATALOG_COMPILER_GLOBAL_ACCENT_COLOR_NAME = AccentColor;
				CODE_SIGN_STYLE = Automatic;
				CURRENT_PROJECT_VERSION = 1;
				GENERATE_INFOPLIST_FILE = YES;
				INFOPLIST_FILE = Bishop_TicketCheckoutApp/Info.plist;
				INFOPLIST_KEY_UIApplicationSupportsIndirectInputEvents = YES;
				INFOPLIST_KEY_UILaunchStoryboardName = LaunchScreen;
				INFOPLIST_KEY_UIMainStoryboardFile = Main;
				INFOPLIST_KEY_UISupportedInterfaceOrientations_iPad = "UIInterfaceOrientationPortrait UIInterfaceOrientationPortraitUpsideDown UIInterfaceOrientationLandscapeLeft UIInterfaceOrientationLandscapeRight";
				INFOPLIST_KEY_UISupportedInterfaceOrientations_iPhone = "UIInterfaceOrientationPortrait UIInterfaceOrientationLandscapeLeft UIInterfaceOrientationLandscapeRight";
				LD_RUNPATH_SEARCH_PATHS = (
					"$(inherited)",
					"@executable_path/Frameworks",
				);
				MARKETING_VERSION = 1.0;
				PRODUCT_BUNDLE_IDENTIFIER = "nwmissouri.edu.Bishop-TicketCheckoutApp";
				PRODUCT_NAME = "$(TARGET_NAME)";
				SWIFT_EMIT_LOC_STRINGS = YES;
				SWIFT_VERSION = 5.0;
				TARGETED_DEVICE_FAMILY = "1,2";
			};
			name = Release;
		};
		5307CD9A2913F3C10019F9D5 /* Debug */ = {
			isa = XCBuildConfiguration;
			buildSettings = {
				ALWAYS_EMBED_SWIFT_STANDARD_LIBRARIES = YES;
				BUNDLE_LOADER = "$(TEST_HOST)";
				CODE_SIGN_STYLE = Automatic;
				CURRENT_PROJECT_VERSION = 1;
				GENERATE_INFOPLIST_FILE = YES;
				IPHONEOS_DEPLOYMENT_TARGET = 15.5;
				MARKETING_VERSION = 1.0;
				PRODUCT_BUNDLE_IDENTIFIER = "nwmissouri.edu.Bishop-TicketCheckoutAppTests";
				PRODUCT_NAME = "$(TARGET_NAME)";
				SWIFT_EMIT_LOC_STRINGS = NO;
				SWIFT_VERSION = 5.0;
				TARGETED_DEVICE_FAMILY = "1,2";
				TEST_HOST = "$(BUILT_PRODUCTS_DIR)/Bishop_TicketCheckoutApp.app/Bishop_TicketCheckoutApp";
			};
			name = Debug;
		};
		5307CD9B2913F3C10019F9D5 /* Release */ = {
			isa = XCBuildConfiguration;
			buildSettings = {
				ALWAYS_EMBED_SWIFT_STANDARD_LIBRARIES = YES;
				BUNDLE_LOADER = "$(TEST_HOST)";
				CODE_SIGN_STYLE = Automatic;
				CURRENT_PROJECT_VERSION = 1;
				GENERATE_INFOPLIST_FILE = YES;
				IPHONEOS_DEPLOYMENT_TARGET = 15.5;
				MARKETING_VERSION = 1.0;
				PRODUCT_BUNDLE_IDENTIFIER = "nwmissouri.edu.Bishop-TicketCheckoutAppTests";
				PRODUCT_NAME = "$(TARGET_NAME)";
				SWIFT_EMIT_LOC_STRINGS = NO;
				SWIFT_VERSION = 5.0;
				TARGETED_DEVICE_FAMILY = "1,2";
				TEST_HOST = "$(BUILT_PRODUCTS_DIR)/Bishop_TicketCheckoutApp.app/Bishop_TicketCheckoutApp";
			};
			name = Release;
		};
		5307CD9D2913F3C10019F9D5 /* Debug */ = {
			isa = XCBuildConfiguration;
			buildSettings = {
				ALWAYS_EMBED_SWIFT_STANDARD_LIBRARIES = YES;
				CODE_SIGN_STYLE = Automatic;
				CURRENT_PROJECT_VERSION = 1;
				GENERATE_INFOPLIST_FILE = YES;
				MARKETING_VERSION = 1.0;
				PRODUCT_BUNDLE_IDENTIFIER = "nwmissouri.edu.Bishop-TicketCheckoutAppUITests";
				PRODUCT_NAME = "$(TARGET_NAME)";
				SWIFT_EMIT_LOC_STRINGS = NO;
				SWIFT_VERSION = 5.0;
				TARGETED_DEVICE_FAMILY = "1,2";
				TEST_TARGET_NAME = Bishop_TicketCheckoutApp;
			};
			name = Debug;
		};
		5307CD9E2913F3C10019F9D5 /* Release */ = {
			isa = XCBuildConfiguration;
			buildSettings = {
				ALWAYS_EMBED_SWIFT_STANDARD_LIBRARIES = YES;
				CODE_SIGN_STYLE = Automatic;
				CURRENT_PROJECT_VERSION = 1;
				GENERATE_INFOPLIST_FILE = YES;
				MARKETING_VERSION = 1.0;
				PRODUCT_BUNDLE_IDENTIFIER = "nwmissouri.edu.Bishop-TicketCheckoutAppUITests";
				PRODUCT_NAME = "$(TARGET_NAME)";
				SWIFT_EMIT_LOC_STRINGS = NO;
				SWIFT_VERSION = 5.0;
				TARGETED_DEVICE_FAMILY = "1,2";
				TEST_TARGET_NAME = Bishop_TicketCheckoutApp;
			};
			name = Release;
		};
/* End XCBuildConfiguration section */

/* Begin XCConfigurationList section */
		5307CD672913F3BD0019F9D5 /* Build configuration list for PBXProject "Bishop_TicketCheckoutApp" */ = {
			isa = XCConfigurationList;
			buildConfigurations = (
				5307CD942913F3C10019F9D5 /* Debug */,
				5307CD952913F3C10019F9D5 /* Release */,
			);
			defaultConfigurationIsVisible = 0;
			defaultConfigurationName = Release;
		};
		5307CD962913F3C10019F9D5 /* Build configuration list for PBXNativeTarget "Bishop_TicketCheckoutApp" */ = {
			isa = XCConfigurationList;
			buildConfigurations = (
				5307CD972913F3C10019F9D5 /* Debug */,
				5307CD982913F3C10019F9D5 /* Release */,
			);
			defaultConfigurationIsVisible = 0;
			defaultConfigurationName = Release;
		};
		5307CD992913F3C10019F9D5 /* Build configuration list for PBXNativeTarget "Bishop_TicketCheckoutAppTests" */ = {
			isa = XCConfigurationList;
			buildConfigurations = (
				5307CD9A2913F3C10019F9D5 /* Debug */,
				5307CD9B2913F3C10019F9D5 /* Release */,
			);
			defaultConfigurationIsVisible = 0;
			defaultConfigurationName = Release;
		};
		5307CD9C2913F3C10019F9D5 /* Build configuration list for PBXNativeTarget "Bishop_TicketCheckoutAppUITests" */ = {
			isa = XCConfigurationList;
			buildConfigurations = (
				5307CD9D2913F3C10019F9D5 /* Debug */,
				5307CD9E2913F3C10019F9D5 /* Release */,
			);
			defaultConfigurationIsVisible = 0;
			defaultConfigurationName = Release;
		};
/* End XCConfigurationList section */
	};
	rootObject = 5307CD642913F3BD0019F9D5 /* Project object */;
}
