// !$*UTF8*$!
{
	archiveVersion = 1;
	classes = {
	};
	objectVersion = 55;
	objects = {

/* Begin PBXBuildFile section */
		535EF04828D0BA2E00398607 /* AppDelegate.swift in Sources */ = {isa = PBXBuildFile; fileRef = 535EF04728D0BA2E00398607 /* AppDelegate.swift */; };
		535EF04A28D0BA2E00398607 /* SceneDelegate.swift in Sources */ = {isa = PBXBuildFile; fileRef = 535EF04928D0BA2E00398607 /* SceneDelegate.swift */; };
		535EF04C28D0BA2E00398607 /* ViewController.swift in Sources */ = {isa = PBXBuildFile; fileRef = 535EF04B28D0BA2E00398607 /* ViewController.swift */; };
		535EF04F28D0BA2E00398607 /* Main.storyboard in Resources */ = {isa = PBXBuildFile; fileRef = 535EF04D28D0BA2E00398607 /* Main.storyboard */; };
		535EF05128D0BA2F00398607 /* Assets.xcassets in Resources */ = {isa = PBXBuildFile; fileRef = 535EF05028D0BA2F00398607 /* Assets.xcassets */; };
		535EF05428D0BA2F00398607 /* LaunchScreen.storyboard in Resources */ = {isa = PBXBuildFile; fileRef = 535EF05228D0BA2F00398607 /* LaunchScreen.storyboard */; };
		535EF05F28D0BA3000398607 /* DiscountAppTests.swift in Sources */ = {isa = PBXBuildFile; fileRef = 535EF05E28D0BA3000398607 /* DiscountAppTests.swift */; };
		535EF06928D0BA3000398607 /* DiscountAppUITests.swift in Sources */ = {isa = PBXBuildFile; fileRef = 535EF06828D0BA3000398607 /* DiscountAppUITests.swift */; };
		535EF06B28D0BA3000398607 /* DiscountAppUITestsLaunchTests.swift in Sources */ = {isa = PBXBuildFile; fileRef = 535EF06A28D0BA3000398607 /* DiscountAppUITestsLaunchTests.swift */; };
/* End PBXBuildFile section */

/* Begin PBXContainerItemProxy section */
		535EF05B28D0BA3000398607 /* PBXContainerItemProxy */ = {
			isa = PBXContainerItemProxy;
			containerPortal = 535EF03C28D0BA2E00398607 /* Project object */;
			proxyType = 1;
			remoteGlobalIDString = 535EF04328D0BA2E00398607;
			remoteInfo = DiscountApp;
		};
		535EF06528D0BA3000398607 /* PBXContainerItemProxy */ = {
			isa = PBXContainerItemProxy;
			containerPortal = 535EF03C28D0BA2E00398607 /* Project object */;
			proxyType = 1;
			remoteGlobalIDString = 535EF04328D0BA2E00398607;
			remoteInfo = DiscountApp;
		};
/* End PBXContainerItemProxy section */

/* Begin PBXFileReference section */
		535EF04428D0BA2E00398607 /* DiscountApp.app */ = {isa = PBXFileReference; explicitFileType = wrapper.application; includeInIndex = 0; path = DiscountApp.app; sourceTree = BUILT_PRODUCTS_DIR; };
		535EF04728D0BA2E00398607 /* AppDelegate.swift */ = {isa = PBXFileReference; lastKnownFileType = sourcecode.swift; path = AppDelegate.swift; sourceTree = "<group>"; };
		535EF04928D0BA2E00398607 /* SceneDelegate.swift */ = {isa = PBXFileReference; lastKnownFileType = sourcecode.swift; path = SceneDelegate.swift; sourceTree = "<group>"; };
		535EF04B28D0BA2E00398607 /* ViewController.swift */ = {isa = PBXFileReference; lastKnownFileType = sourcecode.swift; path = ViewController.swift; sourceTree = "<group>"; };
		535EF04E28D0BA2E00398607 /* Base */ = {isa = PBXFileReference; lastKnownFileType = file.storyboard; name = Base; path = Base.lproj/Main.storyboard; sourceTree = "<group>"; };
		535EF05028D0BA2F00398607 /* Assets.xcassets */ = {isa = PBXFileReference; lastKnownFileType = folder.assetcatalog; path = Assets.xcassets; sourceTree = "<group>"; };
		535EF05328D0BA2F00398607 /* Base */ = {isa = PBXFileReference; lastKnownFileType = file.storyboard; name = Base; path = Base.lproj/LaunchScreen.storyboard; sourceTree = "<group>"; };
		535EF05528D0BA2F00398607 /* Info.plist */ = {isa = PBXFileReference; lastKnownFileType = text.plist.xml; path = Info.plist; sourceTree = "<group>"; };
		535EF05A28D0BA3000398607 /* DiscountAppTests.xctest */ = {isa = PBXFileReference; explicitFileType = wrapper.cfbundle; includeInIndex = 0; path = DiscountAppTests.xctest; sourceTree = BUILT_PRODUCTS_DIR; };
		535EF05E28D0BA3000398607 /* DiscountAppTests.swift */ = {isa = PBXFileReference; lastKnownFileType = sourcecode.swift; path = DiscountAppTests.swift; sourceTree = "<group>"; };
		535EF06428D0BA3000398607 /* DiscountAppUITests.xctest */ = {isa = PBXFileReference; explicitFileType = wrapper.cfbundle; includeInIndex = 0; path = DiscountAppUITests.xctest; sourceTree = BUILT_PRODUCTS_DIR; };
		535EF06828D0BA3000398607 /* DiscountAppUITests.swift */ = {isa = PBXFileReference; lastKnownFileType = sourcecode.swift; path = DiscountAppUITests.swift; sourceTree = "<group>"; };
		535EF06A28D0BA3000398607 /* DiscountAppUITestsLaunchTests.swift */ = {isa = PBXFileReference; lastKnownFileType = sourcecode.swift; path = DiscountAppUITestsLaunchTests.swift; sourceTree = "<group>"; };
/* End PBXFileReference section */

/* Begin PBXFrameworksBuildPhase section */
		535EF04128D0BA2E00398607 /* Frameworks */ = {
			isa = PBXFrameworksBuildPhase;
			buildActionMask = 2147483647;
			files = (
			);
			runOnlyForDeploymentPostprocessing = 0;
		};
		535EF05728D0BA3000398607 /* Frameworks */ = {
			isa = PBXFrameworksBuildPhase;
			buildActionMask = 2147483647;
			files = (
			);
			runOnlyForDeploymentPostprocessing = 0;
		};
		535EF06128D0BA3000398607 /* Frameworks */ = {
			isa = PBXFrameworksBuildPhase;
			buildActionMask = 2147483647;
			files = (
			);
			runOnlyForDeploymentPostprocessing = 0;
		};
/* End PBXFrameworksBuildPhase section */

/* Begin PBXGroup section */
		535EF03B28D0BA2E00398607 = {
			isa = PBXGroup;
			children = (
				535EF04628D0BA2E00398607 /* DiscountApp */,
				535EF05D28D0BA3000398607 /* DiscountAppTests */,
				535EF06728D0BA3000398607 /* DiscountAppUITests */,
				535EF04528D0BA2E00398607 /* Products */,
			);
			sourceTree = "<group>";
		};
		535EF04528D0BA2E00398607 /* Products */ = {
			isa = PBXGroup;
			children = (
				535EF04428D0BA2E00398607 /* DiscountApp.app */,
				535EF05A28D0BA3000398607 /* DiscountAppTests.xctest */,
				535EF06428D0BA3000398607 /* DiscountAppUITests.xctest */,
			);
			name = Products;
			sourceTree = "<group>";
		};
		535EF04628D0BA2E00398607 /* DiscountApp */ = {
			isa = PBXGroup;
			children = (
				535EF04728D0BA2E00398607 /* AppDelegate.swift */,
				535EF04928D0BA2E00398607 /* SceneDelegate.swift */,
				535EF04B28D0BA2E00398607 /* ViewController.swift */,
				535EF04D28D0BA2E00398607 /* Main.storyboard */,
				535EF05028D0BA2F00398607 /* Assets.xcassets */,
				535EF05228D0BA2F00398607 /* LaunchScreen.storyboard */,
				535EF05528D0BA2F00398607 /* Info.plist */,
			);
			path = DiscountApp;
			sourceTree = "<group>";
		};
		535EF05D28D0BA3000398607 /* DiscountAppTests */ = {
			isa = PBXGroup;
			children = (
				535EF05E28D0BA3000398607 /* DiscountAppTests.swift */,
			);
			path = DiscountAppTests;
			sourceTree = "<group>";
		};
		535EF06728D0BA3000398607 /* DiscountAppUITests */ = {
			isa = PBXGroup;
			children = (
				535EF06828D0BA3000398607 /* DiscountAppUITests.swift */,
				535EF06A28D0BA3000398607 /* DiscountAppUITestsLaunchTests.swift */,
			);
			path = DiscountAppUITests;
			sourceTree = "<group>";
		};
/* End PBXGroup section */

/* Begin PBXNativeTarget section */
		535EF04328D0BA2E00398607 /* DiscountApp */ = {
			isa = PBXNativeTarget;
			buildConfigurationList = 535EF06E28D0BA3000398607 /* Build configuration list for PBXNativeTarget "DiscountApp" */;
			buildPhases = (
				535EF04028D0BA2E00398607 /* Sources */,
				535EF04128D0BA2E00398607 /* Frameworks */,
				535EF04228D0BA2E00398607 /* Resources */,
			);
			buildRules = (
			);
			dependencies = (
			);
			name = DiscountApp;
			productName = DiscountApp;
			productReference = 535EF04428D0BA2E00398607 /* DiscountApp.app */;
			productType = "com.apple.product-type.application";
		};
		535EF05928D0BA3000398607 /* DiscountAppTests */ = {
			isa = PBXNativeTarget;
			buildConfigurationList = 535EF07128D0BA3000398607 /* Build configuration list for PBXNativeTarget "DiscountAppTests" */;
			buildPhases = (
				535EF05628D0BA3000398607 /* Sources */,
				535EF05728D0BA3000398607 /* Frameworks */,
				535EF05828D0BA3000398607 /* Resources */,
			);
			buildRules = (
			);
			dependencies = (
				535EF05C28D0BA3000398607 /* PBXTargetDependency */,
			);
			name = DiscountAppTests;
			productName = DiscountAppTests;
			productReference = 535EF05A28D0BA3000398607 /* DiscountAppTests.xctest */;
			productType = "com.apple.product-type.bundle.unit-test";
		};
		535EF06328D0BA3000398607 /* DiscountAppUITests */ = {
			isa = PBXNativeTarget;
			buildConfigurationList = 535EF07428D0BA3000398607 /* Build configuration list for PBXNativeTarget "DiscountAppUITests" */;
			buildPhases = (
				535EF06028D0BA3000398607 /* Sources */,
				535EF06128D0BA3000398607 /* Frameworks */,
				535EF06228D0BA3000398607 /* Resources */,
			);
			buildRules = (
			);
			dependencies = (
				535EF06628D0BA3000398607 /* PBXTargetDependency */,
			);
			name = DiscountAppUITests;
			productName = DiscountAppUITests;
			productReference = 535EF06428D0BA3000398607 /* DiscountAppUITests.xctest */;
			productType = "com.apple.product-type.bundle.ui-testing";
		};
/* End PBXNativeTarget section */

/* Begin PBXProject section */
		535EF03C28D0BA2E00398607 /* Project object */ = {
			isa = PBXProject;
			attributes = {
				BuildIndependentTargetsInParallel = 1;
				LastSwiftUpdateCheck = 1340;
				LastUpgradeCheck = 1340;
				TargetAttributes = {
					535EF04328D0BA2E00398607 = {
						CreatedOnToolsVersion = 13.4.1;
					};
					535EF05928D0BA3000398607 = {
						CreatedOnToolsVersion = 13.4.1;
						TestTargetID = 535EF04328D0BA2E00398607;
					};
					535EF06328D0BA3000398607 = {
						CreatedOnToolsVersion = 13.4.1;
						TestTargetID = 535EF04328D0BA2E00398607;
					};
				};
			};
			buildConfigurationList = 535EF03F28D0BA2E00398607 /* Build configuration list for PBXProject "DiscountApp" */;
			compatibilityVersion = "Xcode 13.0";
			developmentRegion = en;
			hasScannedForEncodings = 0;
			knownRegions = (
				en,
				Base,
			);
			mainGroup = 535EF03B28D0BA2E00398607;
			productRefGroup = 535EF04528D0BA2E00398607 /* Products */;
			projectDirPath = "";
			projectRoot = "";
			targets = (
				535EF04328D0BA2E00398607 /* DiscountApp */,
				535EF05928D0BA3000398607 /* DiscountAppTests */,
				535EF06328D0BA3000398607 /* DiscountAppUITests */,
			);
		};
/* End PBXProject section */

/* Begin PBXResourcesBuildPhase section */
		535EF04228D0BA2E00398607 /* Resources */ = {
			isa = PBXResourcesBuildPhase;
			buildActionMask = 2147483647;
			files = (
				535EF05428D0BA2F00398607 /* LaunchScreen.storyboard in Resources */,
				535EF05128D0BA2F00398607 /* Assets.xcassets in Resources */,
				535EF04F28D0BA2E00398607 /* Main.storyboard in Resources */,
			);
			runOnlyForDeploymentPostprocessing = 0;
		};
		535EF05828D0BA3000398607 /* Resources */ = {
			isa = PBXResourcesBuildPhase;
			buildActionMask = 2147483647;
			files = (
			);
			runOnlyForDeploymentPostprocessing = 0;
		};
		535EF06228D0BA3000398607 /* Resources */ = {
			isa = PBXResourcesBuildPhase;
			buildActionMask = 2147483647;
			files = (
			);
			runOnlyForDeploymentPostprocessing = 0;
		};
/* End PBXResourcesBuildPhase section */

/* Begin PBXSourcesBuildPhase section */
		535EF04028D0BA2E00398607 /* Sources */ = {
			isa = PBXSourcesBuildPhase;
			buildActionMask = 2147483647;
			files = (
				535EF04C28D0BA2E00398607 /* ViewController.swift in Sources */,
				535EF04828D0BA2E00398607 /* AppDelegate.swift in Sources */,
				535EF04A28D0BA2E00398607 /* SceneDelegate.swift in Sources */,
			);
			runOnlyForDeploymentPostprocessing = 0;
		};
		535EF05628D0BA3000398607 /* Sources */ = {
			isa = PBXSourcesBuildPhase;
			buildActionMask = 2147483647;
			files = (
				535EF05F28D0BA3000398607 /* DiscountAppTests.swift in Sources */,
			);
			runOnlyForDeploymentPostprocessing = 0;
		};
		535EF06028D0BA3000398607 /* Sources */ = {
			isa = PBXSourcesBuildPhase;
			buildActionMask = 2147483647;
			files = (
				535EF06928D0BA3000398607 /* DiscountAppUITests.swift in Sources */,
				535EF06B28D0BA3000398607 /* DiscountAppUITestsLaunchTests.swift in Sources */,
			);
			runOnlyForDeploymentPostprocessing = 0;
		};
/* End PBXSourcesBuildPhase section */

/* Begin PBXTargetDependency section */
		535EF05C28D0BA3000398607 /* PBXTargetDependency */ = {
			isa = PBXTargetDependency;
			target = 535EF04328D0BA2E00398607 /* DiscountApp */;
			targetProxy = 535EF05B28D0BA3000398607 /* PBXContainerItemProxy */;
		};
		535EF06628D0BA3000398607 /* PBXTargetDependency */ = {
			isa = PBXTargetDependency;
			target = 535EF04328D0BA2E00398607 /* DiscountApp */;
			targetProxy = 535EF06528D0BA3000398607 /* PBXContainerItemProxy */;
		};
/* End PBXTargetDependency section */

/* Begin PBXVariantGroup section */
		535EF04D28D0BA2E00398607 /* Main.storyboard */ = {
			isa = PBXVariantGroup;
			children = (
				535EF04E28D0BA2E00398607 /* Base */,
			);
			name = Main.storyboard;
			sourceTree = "<group>";
		};
		535EF05228D0BA2F00398607 /* LaunchScreen.storyboard */ = {
			isa = PBXVariantGroup;
			children = (
				535EF05328D0BA2F00398607 /* Base */,
			);
			name = LaunchScreen.storyboard;
			sourceTree = "<group>";
		};
/* End PBXVariantGroup section */

/* Begin XCBuildConfiguration section */
		535EF06C28D0BA3000398607 /* Debug */ = {
			isa = XCBuildConfiguration;
			buildSettings = {
				ALWAYS_SEARCH_USER_PATHS = NO;
				CLANG_ANALYZER_NONNULL = YES;
				CLANG_ANALYZER_NUMBER_OBJECT_CONVERSION = YES_AGGRESSIVE;
				CLANG_CXX_LANGUAGE_STANDARD = "gnu++17";
				CLANG_ENABLE_MODULES = YES;
				CLANG_ENABLE_OBJC_ARC = YES;
				CLANG_ENABLE_OBJC_WEAK = YES;
				CLANG_WARN_BLOCK_CAPTURE_AUTORELEASING = YES;
				CLANG_WARN_BOOL_CONVERSION = YES;
				CLANG_WARN_COMMA = YES;
				CLANG_WARN_CONSTANT_CONVERSION = YES;
				CLANG_WARN_DEPRECATED_OBJC_IMPLEMENTATIONS = YES;
				CLANG_WARN_DIRECT_OBJC_ISA_USAGE = YES_ERROR;
				CLANG_WARN_DOCUMENTATION_COMMENTS = YES;
				CLANG_WARN_EMPTY_BODY = YES;
				CLANG_WARN_ENUM_CONVERSION = YES;
				CLANG_WARN_INFINITE_RECURSION = YES;
				CLANG_WARN_INT_CONVERSION = YES;
				CLANG_WARN_NON_LITERAL_NULL_CONVERSION = YES;
				CLANG_WARN_OBJC_IMPLICIT_RETAIN_SELF = YES;
				CLANG_WARN_OBJC_LITERAL_CONVERSION = YES;
				CLANG_WARN_OBJC_ROOT_CLASS = YES_ERROR;
				CLANG_WARN_QUOTED_INCLUDE_IN_FRAMEWORK_HEADER = YES;
				CLANG_WARN_RANGE_LOOP_ANALYSIS = YES;
				CLANG_WARN_STRICT_PROTOTYPES = YES;
				CLANG_WARN_SUSPICIOUS_MOVE = YES;
				CLANG_WARN_UNGUARDED_AVAILABILITY = YES_AGGRESSIVE;
				CLANG_WARN_UNREACHABLE_CODE = YES;
				CLANG_WARN__DUPLICATE_METHOD_MATCH = YES;
				COPY_PHASE_STRIP = NO;
				DEBUG_INFORMATION_FORMAT = dwarf;
				ENABLE_STRICT_OBJC_MSGSEND = YES;
				ENABLE_TESTABILITY = YES;
				GCC_C_LANGUAGE_STANDARD = gnu11;
				GCC_DYNAMIC_NO_PIC = NO;
				GCC_NO_COMMON_BLOCKS = YES;
				GCC_OPTIMIZATION_LEVEL = 0;
				GCC_PREPROCESSOR_DEFINITIONS = (
					"DEBUG=1",
					"$(inherited)",
				);
				GCC_WARN_64_TO_32_BIT_CONVERSION = YES;
				GCC_WARN_ABOUT_RETURN_TYPE = YES_ERROR;
				GCC_WARN_UNDECLARED_SELECTOR = YES;
				GCC_WARN_UNINITIALIZED_AUTOS = YES_AGGRESSIVE;
				GCC_WARN_UNUSED_FUNCTION = YES;
				GCC_WARN_UNUSED_VARIABLE = YES;
				IPHONEOS_DEPLOYMENT_TARGET = 15.5;
				MTL_ENABLE_DEBUG_INFO = INCLUDE_SOURCE;
				MTL_FAST_MATH = YES;
				ONLY_ACTIVE_ARCH = YES;
				SDKROOT = iphoneos;
				SWIFT_ACTIVE_COMPILATION_CONDITIONS = DEBUG;
				SWIFT_OPTIMIZATION_LEVEL = "-Onone";
			};
			name = Debug;
		};
		535EF06D28D0BA3000398607 /* Release */ = {
			isa = XCBuildConfiguration;
			buildSettings = {
				ALWAYS_SEARCH_USER_PATHS = NO;
				CLANG_ANALYZER_NONNULL = YES;
				CLANG_ANALYZER_NUMBER_OBJECT_CONVERSION = YES_AGGRESSIVE;
				CLANG_CXX_LANGUAGE_STANDARD = "gnu++17";
				CLANG_ENABLE_MODULES = YES;
				CLANG_ENABLE_OBJC_ARC = YES;
				CLANG_ENABLE_OBJC_WEAK = YES;
				CLANG_WARN_BLOCK_CAPTURE_AUTORELEASING = YES;
				CLANG_WARN_BOOL_CONVERSION = YES;
				CLANG_WARN_COMMA = YES;
				CLANG_WARN_CONSTANT_CONVERSION = YES;
				CLANG_WARN_DEPRECATED_OBJC_IMPLEMENTATIONS = YES;
				CLANG_WARN_DIRECT_OBJC_ISA_USAGE = YES_ERROR;
				CLANG_WARN_DOCUMENTATION_COMMENTS = YES;
				CLANG_WARN_EMPTY_BODY = YES;
				CLANG_WARN_ENUM_CONVERSION = YES;
				CLANG_WARN_INFINITE_RECURSION = YES;
				CLANG_WARN_INT_CONVERSION = YES;
				CLANG_WARN_NON_LITERAL_NULL_CONVERSION = YES;
				CLANG_WARN_OBJC_IMPLICIT_RETAIN_SELF = YES;
				CLANG_WARN_OBJC_LITERAL_CONVERSION = YES;
				CLANG_WARN_OBJC_ROOT_CLASS = YES_ERROR;
				CLANG_WARN_QUOTED_INCLUDE_IN_FRAMEWORK_HEADER = YES;
				CLANG_WARN_RANGE_LOOP_ANALYSIS = YES;
				CLANG_WARN_STRICT_PROTOTYPES = YES;
				CLANG_WARN_SUSPICIOUS_MOVE = YES;
				CLANG_WARN_UNGUARDED_AVAILABILITY = YES_AGGRESSIVE;
				CLANG_WARN_UNREACHABLE_CODE = YES;
				CLANG_WARN__DUPLICATE_METHOD_MATCH = YES;
				COPY_PHASE_STRIP = NO;
				DEBUG_INFORMATION_FORMAT = "dwarf-with-dsym";
				ENABLE_NS_ASSERTIONS = NO;
				ENABLE_STRICT_OBJC_MSGSEND = YES;
				GCC_C_LANGUAGE_STANDARD = gnu11;
				GCC_NO_COMMON_BLOCKS = YES;
				GCC_WARN_64_TO_32_BIT_CONVERSION = YES;
				GCC_WARN_ABOUT_RETURN_TYPE = YES_ERROR;
				GCC_WARN_UNDECLARED_SELECTOR = YES;
				GCC_WARN_UNINITIALIZED_AUTOS = YES_AGGRESSIVE;
				GCC_WARN_UNUSED_FUNCTION = YES;
				GCC_WARN_UNUSED_VARIABLE = YES;
				IPHONEOS_DEPLOYMENT_TARGET = 15.5;
				MTL_ENABLE_DEBUG_INFO = NO;
				MTL_FAST_MATH = YES;
				SDKROOT = iphoneos;
				SWIFT_COMPILATION_MODE = wholemodule;
				SWIFT_OPTIMIZATION_LEVEL = "-O";
				VALIDATE_PRODUCT = YES;
			};
			name = Release;
		};
		535EF06F28D0BA3000398607 /* Debug */ = {
			isa = XCBuildConfiguration;
			buildSettings = {
				ASSETCATALOG_COMPILER_APPICON_NAME = AppIcon;
				ASSETCATALOG_COMPILER_GLOBAL_ACCENT_COLOR_NAME = AccentColor;
				CODE_SIGN_STYLE = Automatic;
				CURRENT_PROJECT_VERSION = 1;
				GENERATE_INFOPLIST_FILE = YES;
				INFOPLIST_FILE = DiscountApp/Info.plist;
				INFOPLIST_KEY_UIApplicationSupportsIndirectInputEvents = YES;
				INFOPLIST_KEY_UILaunchStoryboardName = LaunchScreen;
				INFOPLIST_KEY_UIMainStoryboardFile = Main;
				INFOPLIST_KEY_UISupportedInterfaceOrientations_iPad = "UIInterfaceOrientationPortrait UIInterfaceOrientationPortraitUpsideDown UIInterfaceOrientationLandscapeLeft UIInterfaceOrientationLandscapeRight";
				INFOPLIST_KEY_UISupportedInterfaceOrientations_iPhone = "UIInterfaceOrientationPortrait UIInterfaceOrientationLandscapeLeft UIInterfaceOrientationLandscapeRight";
				LD_RUNPATH_SEARCH_PATHS = (
					"$(inherited)",
					"@executable_path/Frameworks",
				);
				MARKETING_VERSION = 1.0;
				PRODUCT_BUNDLE_IDENTIFIER = nwmissouri.edu.DiscountApp;
				PRODUCT_NAME = "$(TARGET_NAME)";
				SWIFT_EMIT_LOC_STRINGS = YES;
				SWIFT_VERSION = 5.0;
				TARGETED_DEVICE_FAMILY = "1,2";
			};
			name = Debug;
		};
		535EF07028D0BA3000398607 /* Release */ = {
			isa = XCBuildConfiguration;
			buildSettings = {
				ASSETCATALOG_COMPILER_APPICON_NAME = AppIcon;
				ASSETCATALOG_COMPILER_GLOBAL_ACCENT_COLOR_NAME = AccentColor;
				CODE_SIGN_STYLE = Automatic;
				CURRENT_PROJECT_VERSION = 1;
				GENERATE_INFOPLIST_FILE = YES;
				INFOPLIST_FILE = DiscountApp/Info.plist;
				INFOPLIST_KEY_UIApplicationSupportsIndirectInputEvents = YES;
				INFOPLIST_KEY_UILaunchStoryboardName = LaunchScreen;
				INFOPLIST_KEY_UIMainStoryboardFile = Main;
				INFOPLIST_KEY_UISupportedInterfaceOrientations_iPad = "UIInterfaceOrientationPortrait UIInterfaceOrientationPortraitUpsideDown UIInterfaceOrientationLandscapeLeft UIInterfaceOrientationLandscapeRight";
				INFOPLIST_KEY_UISupportedInterfaceOrientations_iPhone = "UIInterfaceOrientationPortrait UIInterfaceOrientationLandscapeLeft UIInterfaceOrientationLandscapeRight";
				LD_RUNPATH_SEARCH_PATHS = (
					"$(inherited)",
					"@executable_path/Frameworks",
				);
				MARKETING_VERSION = 1.0;
				PRODUCT_BUNDLE_IDENTIFIER = nwmissouri.edu.DiscountApp;
				PRODUCT_NAME = "$(TARGET_NAME)";
				SWIFT_EMIT_LOC_STRINGS = YES;
				SWIFT_VERSION = 5.0;
				TARGETED_DEVICE_FAMILY = "1,2";
			};
			name = Release;
		};
		535EF07228D0BA3000398607 /* Debug */ = {
			isa = XCBuildConfiguration;
			buildSettings = {
				ALWAYS_EMBED_SWIFT_STANDARD_LIBRARIES = YES;
				BUNDLE_LOADER = "$(TEST_HOST)";
				CODE_SIGN_STYLE = Automatic;
				CURRENT_PROJECT_VERSION = 1;
				GENERATE_INFOPLIST_FILE = YES;
				IPHONEOS_DEPLOYMENT_TARGET = 15.5;
				MARKETING_VERSION = 1.0;
				PRODUCT_BUNDLE_IDENTIFIER = nwmissouri.edu.DiscountAppTests;
				PRODUCT_NAME = "$(TARGET_NAME)";
				SWIFT_EMIT_LOC_STRINGS = NO;
				SWIFT_VERSION = 5.0;
				TARGETED_DEVICE_FAMILY = "1,2";
				TEST_HOST = "$(BUILT_PRODUCTS_DIR)/DiscountApp.app/DiscountApp";
			};
			name = Debug;
		};
		535EF07328D0BA3000398607 /* Release */ = {
			isa = XCBuildConfiguration;
			buildSettings = {
				ALWAYS_EMBED_SWIFT_STANDARD_LIBRARIES = YES;
				BUNDLE_LOADER = "$(TEST_HOST)";
				CODE_SIGN_STYLE = Automatic;
				CURRENT_PROJECT_VERSION = 1;
				GENERATE_INFOPLIST_FILE = YES;
				IPHONEOS_DEPLOYMENT_TARGET = 15.5;
				MARKETING_VERSION = 1.0;
				PRODUCT_BUNDLE_IDENTIFIER = nwmissouri.edu.DiscountAppTests;
				PRODUCT_NAME = "$(TARGET_NAME)";
				SWIFT_EMIT_LOC_STRINGS = NO;
				SWIFT_VERSION = 5.0;
				TARGETED_DEVICE_FAMILY = "1,2";
				TEST_HOST = "$(BUILT_PRODUCTS_DIR)/DiscountApp.app/DiscountApp";
			};
			name = Release;
		};
		535EF07528D0BA3000398607 /* Debug */ = {
			isa = XCBuildConfiguration;
			buildSettings = {
				ALWAYS_EMBED_SWIFT_STANDARD_LIBRARIES = YES;
				CODE_SIGN_STYLE = Automatic;
				CURRENT_PROJECT_VERSION = 1;
				GENERATE_INFOPLIST_FILE = YES;
				MARKETING_VERSION = 1.0;
				PRODUCT_BUNDLE_IDENTIFIER = nwmissouri.edu.DiscountAppUITests;
				PRODUCT_NAME = "$(TARGET_NAME)";
				SWIFT_EMIT_LOC_STRINGS = NO;
				SWIFT_VERSION = 5.0;
				TARGETED_DEVICE_FAMILY = "1,2";
				TEST_TARGET_NAME = DiscountApp;
			};
			name = Debug;
		};
		535EF07628D0BA3000398607 /* Release */ = {
			isa = XCBuildConfiguration;
			buildSettings = {
				ALWAYS_EMBED_SWIFT_STANDARD_LIBRARIES = YES;
				CODE_SIGN_STYLE = Automatic;
				CURRENT_PROJECT_VERSION = 1;
				GENERATE_INFOPLIST_FILE = YES;
				MARKETING_VERSION = 1.0;
				PRODUCT_BUNDLE_IDENTIFIER = nwmissouri.edu.DiscountAppUITests;
				PRODUCT_NAME = "$(TARGET_NAME)";
				SWIFT_EMIT_LOC_STRINGS = NO;
				SWIFT_VERSION = 5.0;
				TARGETED_DEVICE_FAMILY = "1,2";
				TEST_TARGET_NAME = DiscountApp;
			};
			name = Release;
		};
/* End XCBuildConfiguration section */

/* Begin XCConfigurationList section */
		535EF03F28D0BA2E00398607 /* Build configuration list for PBXProject "DiscountApp" */ = {
			isa = XCConfigurationList;
			buildConfigurations = (
				535EF06C28D0BA3000398607 /* Debug */,
				535EF06D28D0BA3000398607 /* Release */,
			);
			defaultConfigurationIsVisible = 0;
			defaultConfigurationName = Release;
		};
		535EF06E28D0BA3000398607 /* Build configuration list for PBXNativeTarget "DiscountApp" */ = {
			isa = XCConfigurationList;
			buildConfigurations = (
				535EF06F28D0BA3000398607 /* Debug */,
				535EF07028D0BA3000398607 /* Release */,
			);
			defaultConfigurationIsVisible = 0;
			defaultConfigurationName = Release;
		};
		535EF07128D0BA3000398607 /* Build configuration list for PBXNativeTarget "DiscountAppTests" */ = {
			isa = XCConfigurationList;
			buildConfigurations = (
				535EF07228D0BA3000398607 /* Debug */,
				535EF07328D0BA3000398607 /* Release */,
			);
			defaultConfigurationIsVisible = 0;
			defaultConfigurationName = Release;
		};
		535EF07428D0BA3000398607 /* Build configuration list for PBXNativeTarget "DiscountAppUITests" */ = {
			isa = XCConfigurationList;
			buildConfigurations = (
				535EF07528D0BA3000398607 /* Debug */,
				535EF07628D0BA3000398607 /* Release */,
			);
			defaultConfigurationIsVisible = 0;
			defaultConfigurationName = Release;
		};
/* End XCConfigurationList section */
	};
	rootObject = 535EF03C28D0BA2E00398607 /* Project object */;
}
